
Microsoft Visual Studio Solution File, Format Version 12.00
# Visual Studio 14
VisualStudioVersion = 14.0.25420.1
MinimumVisualStudioVersion = 10.0.40219.1
Project("{2150E333-8FDC-42A3-9474-1A3956D46DE8}") = "Xamarin", "Xamarin", "{A9734008-DFE4-4126-B975-20DA5FC5F5D2}"
EndProject
Project("{2150E333-8FDC-42A3-9474-1A3956D46DE8}") = "Library", "Library", "{F623EC30-E04D-44CD-8AA1-A1EBF2160532}"
EndProject
Project("{FAE04EC0-301F-11D3-BF4B-00C04F79EFBC}") = "JsonEntity", "Library\JsonEntity\JsonEntity.csproj", "{67F9D3A8-F71E-4428-913F-C37AE82CDB24}"
EndProject
Project("{FAE04EC0-301F-11D3-BF4B-00C04F79EFBC}") = "BcTool", "Xamarin\BcTool\BcTool\BcTool.csproj", "{062FC7A8-DE50-4C5F-9910-F48C707064A4}"
EndProject
Project("{FAE04EC0-301F-11D3-BF4B-00C04F79EFBC}") = "BcTool.Droid", "Xamarin\BcTool\BcTool.Droid\BcTool.Droid.csproj", "{577DB6BB-47C1-48D1-ACD1-CA8C3A7CD95D}"
EndProject
Project("{FAE04EC0-301F-11D3-BF4B-00C04F79EFBC}") = "BcTool.iOS", "Xamarin\BcTool\BcTool.iOS\BcTool.iOS.csproj", "{3246526B-D8C1-4C83-9583-0EF543E1CF0C}"
EndProject
Project("{FAE04EC0-301F-11D3-BF4B-00C04F79EFBC}") = "BcTool.UWP", "Xamarin\BcTool\BcTool.UWP\BcTool.UWP.csproj", "{28C4FD9F-EFA2-412A-B47B-AACFD691A713}"
EndProject
Project("{2150E333-8FDC-42A3-9474-1A3956D46DE8}") = "Wpf", "Wpf", "{E06D9C9C-2CB0-4F72-81F5-65E975E5B027}"
EndProject
Project("{FAE04EC0-301F-11D3-BF4B-00C04F79EFBC}") = "BcTool", "Wpf\BcTool\BcTool.csproj", "{99C9E82C-C594-446D-AA59-8FFBC43AD226}"
EndProject
Project("{2150E333-8FDC-42A3-9474-1A3956D46DE8}") = "WebApi", "WebApi", "{95FE29A8-FF85-4549-99EE-C9543D7620FD}"
EndProject
Project("{FAE04EC0-301F-11D3-BF4B-00C04F79EFBC}") = "Api", "WebApi\Api\Api.csproj", "{12CB47EA-506C-4811-BB21-6D506F3F61AD}"
EndProject
Global
	GlobalSection(SolutionConfigurationPlatforms) = preSolution
		Ad-Hoc|Any CPU = Ad-Hoc|Any CPU
		Ad-Hoc|ARM = Ad-Hoc|ARM
		Ad-Hoc|iPhone = Ad-Hoc|iPhone
		Ad-Hoc|iPhoneSimulator = Ad-Hoc|iPhoneSimulator
		Ad-Hoc|x64 = Ad-Hoc|x64
		Ad-Hoc|x86 = Ad-Hoc|x86
		AppStore|Any CPU = AppStore|Any CPU
		AppStore|ARM = AppStore|ARM
		AppStore|iPhone = AppStore|iPhone
		AppStore|iPhoneSimulator = AppStore|iPhoneSimulator
		AppStore|x64 = AppStore|x64
		AppStore|x86 = AppStore|x86
		Debug|Any CPU = Debug|Any CPU
		Debug|ARM = Debug|ARM
		Debug|iPhone = Debug|iPhone
		Debug|iPhoneSimulator = Debug|iPhoneSimulator
		Debug|x64 = Debug|x64
		Debug|x86 = Debug|x86
		Release|Any CPU = Release|Any CPU
		Release|ARM = Release|ARM
		Release|iPhone = Release|iPhone
		Release|iPhoneSimulator = Release|iPhoneSimulator
		Release|x64 = Release|x64
		Release|x86 = Release|x86
	EndGlobalSection
	GlobalSection(ProjectConfigurationPlatforms) = postSolution
		{67F9D3A8-F71E-4428-913F-C37AE82CDB24}.Ad-Hoc|Any CPU.ActiveCfg = Release|Any CPU
		{67F9D3A8-F71E-4428-913F-C37AE82CDB24}.Ad-Hoc|Any CPU.Build.0 = Release|Any CPU
		{67F9D3A8-F71E-4428-913F-C37AE82CDB24}.Ad-Hoc|ARM.ActiveCfg = Release|Any CPU
		{67F9D3A8-F71E-4428-913F-C37AE82CDB24}.Ad-Hoc|ARM.Build.0 = Release|Any CPU
		{67F9D3A8-F71E-4428-913F-C37AE82CDB24}.Ad-Hoc|iPhone.ActiveCfg = Release|Any CPU
		{67F9D3A8-F71E-4428-913F-C37AE82CDB24}.Ad-Hoc|iPhone.Build.0 = Release|Any CPU
		{67F9D3A8-F71E-4428-913F-C37AE82CDB24}.Ad-Hoc|iPhoneSimulator.ActiveCfg = Release|Any CPU
		{67F9D3A8-F71E-4428-913F-C37AE82CDB24}.Ad-Hoc|iPhoneSimulator.Build.0 = Release|Any CPU
		{67F9D3A8-F71E-4428-913F-C37AE82CDB24}.Ad-Hoc|x64.ActiveCfg = Release|Any CPU
		{67F9D3A8-F71E-4428-913F-C37AE82CDB24}.Ad-Hoc|x64.Build.0 = Release|Any CPU
		{67F9D3A8-F71E-4428-913F-C37AE82CDB24}.Ad-Hoc|x86.ActiveCfg = Release|Any CPU
		{67F9D3A8-F71E-4428-913F-C37AE82CDB24}.Ad-Hoc|x86.Build.0 = Release|Any CPU
		{67F9D3A8-F71E-4428-913F-C37AE82CDB24}.AppStore|Any CPU.ActiveCfg = Release|Any CPU
		{67F9D3A8-F71E-4428-913F-C37AE82CDB24}.AppStore|Any CPU.Build.0 = Release|Any CPU
		{67F9D3A8-F71E-4428-913F-C37AE82CDB24}.AppStore|ARM.ActiveCfg = Release|Any CPU
		{67F9D3A8-F71E-4428-913F-C37AE82CDB24}.AppStore|ARM.Build.0 = Release|Any CPU
		{67F9D3A8-F71E-4428-913F-C37AE82CDB24}.AppStore|iPhone.ActiveCfg = Release|Any CPU
		{67F9D3A8-F71E-4428-913F-C37AE82CDB24}.AppStore|iPhone.Build.0 = Release|Any CPU
		{67F9D3A8-F71E-4428-913F-C37AE82CDB24}.AppStore|iPhoneSimulator.ActiveCfg = Release|Any CPU
		{67F9D3A8-F71E-4428-913F-C37AE82CDB24}.AppStore|iPhoneSimulator.Build.0 = Release|Any CPU
		{67F9D3A8-F71E-4428-913F-C37AE82CDB24}.AppStore|x64.ActiveCfg = Release|Any CPU
		{67F9D3A8-F71E-4428-913F-C37AE82CDB24}.AppStore|x64.Build.0 = Release|Any CPU
		{67F9D3A8-F71E-4428-913F-C37AE82CDB24}.AppStore|x86.ActiveCfg = Release|Any CPU
		{67F9D3A8-F71E-4428-913F-C37AE82CDB24}.AppStore|x86.Build.0 = Release|Any CPU
		{67F9D3A8-F71E-4428-913F-C37AE82CDB24}.Debug|Any CPU.ActiveCfg = Debug|Any CPU
		{67F9D3A8-F71E-4428-913F-C37AE82CDB24}.Debug|Any CPU.Build.0 = Debug|Any CPU
		{67F9D3A8-F71E-4428-913F-C37AE82CDB24}.Debug|ARM.ActiveCfg = Debug|Any CPU
		{67F9D3A8-F71E-4428-913F-C37AE82CDB24}.Debug|ARM.Build.0 = Debug|Any CPU
		{67F9D3A8-F71E-4428-913F-C37AE82CDB24}.Debug|iPhone.ActiveCfg = Debug|Any CPU
		{67F9D3A8-F71E-4428-913F-C37AE82CDB24}.Debug|iPhone.Build.0 = Debug|Any CPU
		{67F9D3A8-F71E-4428-913F-C37AE82CDB24}.Debug|iPhoneSimulator.ActiveCfg = Debug|Any CPU
		{67F9D3A8-F71E-4428-913F-C37AE82CDB24}.Debug|iPhoneSimulator.Build.0 = Debug|Any CPU
		{67F9D3A8-F71E-4428-913F-C37AE82CDB24}.Debug|x64.ActiveCfg = Debug|Any CPU
		{67F9D3A8-F71E-4428-913F-C37AE82CDB24}.Debug|x64.Build.0 = Debug|Any CPU
		{67F9D3A8-F71E-4428-913F-C37AE82CDB24}.Debug|x86.ActiveCfg = Debug|Any CPU
		{67F9D3A8-F71E-4428-913F-C37AE82CDB24}.Debug|x86.Build.0 = Debug|Any CPU
		{67F9D3A8-F71E-4428-913F-C37AE82CDB24}.Release|Any CPU.ActiveCfg = Release|Any CPU
		{67F9D3A8-F71E-4428-913F-C37AE82CDB24}.Release|Any CPU.Build.0 = Release|Any CPU
		{67F9D3A8-F71E-4428-913F-C37AE82CDB24}.Release|ARM.ActiveCfg = Release|Any CPU
		{67F9D3A8-F71E-4428-913F-C37AE82CDB24}.Release|ARM.Build.0 = Release|Any CPU
		{67F9D3A8-F71E-4428-913F-C37AE82CDB24}.Release|iPhone.ActiveCfg = Release|Any CPU
		{67F9D3A8-F71E-4428-913F-C37AE82CDB24}.Release|iPhone.Build.0 = Release|Any CPU
		{67F9D3A8-F71E-4428-913F-C37AE82CDB24}.Release|iPhoneSimulator.ActiveCfg = Release|Any CPU
		{67F9D3A8-F71E-4428-913F-C37AE82CDB24}.Release|iPhoneSimulator.Build.0 = Release|Any CPU
		{67F9D3A8-F71E-4428-913F-C37AE82CDB24}.Release|x64.ActiveCfg = Release|Any CPU
		{67F9D3A8-F71E-4428-913F-C37AE82CDB24}.Release|x64.Build.0 = Release|Any CPU
		{67F9D3A8-F71E-4428-913F-C37AE82CDB24}.Release|x86.ActiveCfg = Release|Any CPU
		{67F9D3A8-F71E-4428-913F-C37AE82CDB24}.Release|x86.Build.0 = Release|Any CPU
		{062FC7A8-DE50-4C5F-9910-F48C707064A4}.Ad-Hoc|Any CPU.ActiveCfg = Release|Any CPU
		{062FC7A8-DE50-4C5F-9910-F48C707064A4}.Ad-Hoc|Any CPU.Build.0 = Release|Any CPU
		{062FC7A8-DE50-4C5F-9910-F48C707064A4}.Ad-Hoc|ARM.ActiveCfg = Release|Any CPU
		{062FC7A8-DE50-4C5F-9910-F48C707064A4}.Ad-Hoc|ARM.Build.0 = Release|Any CPU
		{062FC7A8-DE50-4C5F-9910-F48C707064A4}.Ad-Hoc|iPhone.ActiveCfg = Release|Any CPU
		{062FC7A8-DE50-4C5F-9910-F48C707064A4}.Ad-Hoc|iPhone.Build.0 = Release|Any CPU
		{062FC7A8-DE50-4C5F-9910-F48C707064A4}.Ad-Hoc|iPhoneSimulator.ActiveCfg = Release|Any CPU
		{062FC7A8-DE50-4C5F-9910-F48C707064A4}.Ad-Hoc|iPhoneSimulator.Build.0 = Release|Any CPU
		{062FC7A8-DE50-4C5F-9910-F48C707064A4}.Ad-Hoc|x64.ActiveCfg = Release|Any CPU
		{062FC7A8-DE50-4C5F-9910-F48C707064A4}.Ad-Hoc|x64.Build.0 = Release|Any CPU
		{062FC7A8-DE50-4C5F-9910-F48C707064A4}.Ad-Hoc|x86.ActiveCfg = Release|Any CPU
		{062FC7A8-DE50-4C5F-9910-F48C707064A4}.Ad-Hoc|x86.Build.0 = Release|Any CPU
		{062FC7A8-DE50-4C5F-9910-F48C707064A4}.AppStore|Any CPU.ActiveCfg = Release|Any CPU
		{062FC7A8-DE50-4C5F-9910-F48C707064A4}.AppStore|Any CPU.Build.0 = Release|Any CPU
		{062FC7A8-DE50-4C5F-9910-F48C707064A4}.AppStore|ARM.ActiveCfg = Release|Any CPU
		{062FC7A8-DE50-4C5F-9910-F48C707064A4}.AppStore|ARM.Build.0 = Release|Any CPU
		{062FC7A8-DE50-4C5F-9910-F48C707064A4}.AppStore|iPhone.ActiveCfg = Release|Any CPU
		{062FC7A8-DE50-4C5F-9910-F48C707064A4}.AppStore|iPhone.Build.0 = Release|Any CPU
		{062FC7A8-DE50-4C5F-9910-F48C707064A4}.AppStore|iPhoneSimulator.ActiveCfg = Release|Any CPU
		{062FC7A8-DE50-4C5F-9910-F48C707064A4}.AppStore|iPhoneSimulator.Build.0 = Release|Any CPU
		{062FC7A8-DE50-4C5F-9910-F48C707064A4}.AppStore|x64.ActiveCfg = Release|Any CPU
		{062FC7A8-DE50-4C5F-9910-F48C707064A4}.AppStore|x64.Build.0 = Release|Any CPU
		{062FC7A8-DE50-4C5F-9910-F48C707064A4}.AppStore|x86.ActiveCfg = Release|Any CPU
		{062FC7A8-DE50-4C5F-9910-F48C707064A4}.AppStore|x86.Build.0 = Release|Any CPU
		{062FC7A8-DE50-4C5F-9910-F48C707064A4}.Debug|Any CPU.ActiveCfg = Debug|Any CPU
		{062FC7A8-DE50-4C5F-9910-F48C707064A4}.Debug|Any CPU.Build.0 = Debug|Any CPU
		{062FC7A8-DE50-4C5F-9910-F48C707064A4}.Debug|ARM.ActiveCfg = Debug|Any CPU
		{062FC7A8-DE50-4C5F-9910-F48C707064A4}.Debug|ARM.Build.0 = Debug|Any CPU
		{062FC7A8-DE50-4C5F-9910-F48C707064A4}.Debug|iPhone.ActiveCfg = Debug|Any CPU
		{062FC7A8-DE50-4C5F-9910-F48C707064A4}.Debug|iPhone.Build.0 = Debug|Any CPU
		{062FC7A8-DE50-4C5F-9910-F48C707064A4}.Debug|iPhoneSimulator.ActiveCfg = Debug|Any CPU
		{062FC7A8-DE50-4C5F-9910-F48C707064A4}.Debug|iPhoneSimulator.Build.0 = Debug|Any CPU
		{062FC7A8-DE50-4C5F-9910-F48C707064A4}.Debug|x64.ActiveCfg = Debug|Any CPU
		{062FC7A8-DE50-4C5F-9910-F48C707064A4}.Debug|x64.Build.0 = Debug|Any CPU
		{062FC7A8-DE50-4C5F-9910-F48C707064A4}.Debug|x86.ActiveCfg = Debug|Any CPU
		{062FC7A8-DE50-4C5F-9910-F48C707064A4}.Debug|x86.Build.0 = Debug|Any CPU
		{062FC7A8-DE50-4C5F-9910-F48C707064A4}.Release|Any CPU.ActiveCfg = Release|Any CPU
		{062FC7A8-DE50-4C5F-9910-F48C707064A4}.Release|Any CPU.Build.0 = Release|Any CPU
		{062FC7A8-DE50-4C5F-9910-F48C707064A4}.Release|ARM.ActiveCfg = Release|Any CPU
		{062FC7A8-DE50-4C5F-9910-F48C707064A4}.Release|ARM.Build.0 = Release|Any CPU
		{062FC7A8-DE50-4C5F-9910-F48C707064A4}.Release|iPhone.ActiveCfg = Release|Any CPU
		{062FC7A8-DE50-4C5F-9910-F48C707064A4}.Release|iPhone.Build.0 = Release|Any CPU
		{062FC7A8-DE50-4C5F-9910-F48C707064A4}.Release|iPhoneSimulator.ActiveCfg = Release|Any CPU
		{062FC7A8-DE50-4C5F-9910-F48C707064A4}.Release|iPhoneSimulator.Build.0 = Release|Any CPU
		{062FC7A8-DE50-4C5F-9910-F48C707064A4}.Release|x64.ActiveCfg = Release|Any CPU
		{062FC7A8-DE50-4C5F-9910-F48C707064A4}.Release|x64.Build.0 = Release|Any CPU
		{062FC7A8-DE50-4C5F-9910-F48C707064A4}.Release|x86.ActiveCfg = Release|Any CPU
		{062FC7A8-DE50-4C5F-9910-F48C707064A4}.Release|x86.Build.0 = Release|Any CPU
		{577DB6BB-47C1-48D1-ACD1-CA8C3A7CD95D}.Ad-Hoc|Any CPU.ActiveCfg = Release|Any CPU
		{577DB6BB-47C1-48D1-ACD1-CA8C3A7CD95D}.Ad-Hoc|Any CPU.Build.0 = Release|Any CPU
		{577DB6BB-47C1-48D1-ACD1-CA8C3A7CD95D}.Ad-Hoc|Any CPU.Deploy.0 = Release|Any CPU
		{577DB6BB-47C1-48D1-ACD1-CA8C3A7CD95D}.Ad-Hoc|ARM.ActiveCfg = Release|Any CPU
		{577DB6BB-47C1-48D1-ACD1-CA8C3A7CD95D}.Ad-Hoc|ARM.Build.0 = Release|Any CPU
		{577DB6BB-47C1-48D1-ACD1-CA8C3A7CD95D}.Ad-Hoc|ARM.Deploy.0 = Release|Any CPU
		{577DB6BB-47C1-48D1-ACD1-CA8C3A7CD95D}.Ad-Hoc|iPhone.ActiveCfg = Release|Any CPU
		{577DB6BB-47C1-48D1-ACD1-CA8C3A7CD95D}.Ad-Hoc|iPhone.Build.0 = Release|Any CPU
		{577DB6BB-47C1-48D1-ACD1-CA8C3A7CD95D}.Ad-Hoc|iPhone.Deploy.0 = Release|Any CPU
		{577DB6BB-47C1-48D1-ACD1-CA8C3A7CD95D}.Ad-Hoc|iPhoneSimulator.ActiveCfg = Release|Any CPU
		{577DB6BB-47C1-48D1-ACD1-CA8C3A7CD95D}.Ad-Hoc|iPhoneSimulator.Build.0 = Release|Any CPU
		{577DB6BB-47C1-48D1-ACD1-CA8C3A7CD95D}.Ad-Hoc|iPhoneSimulator.Deploy.0 = Release|Any CPU
		{577DB6BB-47C1-48D1-ACD1-CA8C3A7CD95D}.Ad-Hoc|x64.ActiveCfg = Release|Any CPU
		{577DB6BB-47C1-48D1-ACD1-CA8C3A7CD95D}.Ad-Hoc|x64.Build.0 = Release|Any CPU
		{577DB6BB-47C1-48D1-ACD1-CA8C3A7CD95D}.Ad-Hoc|x64.Deploy.0 = Release|Any CPU
		{577DB6BB-47C1-48D1-ACD1-CA8C3A7CD95D}.Ad-Hoc|x86.ActiveCfg = Release|Any CPU
		{577DB6BB-47C1-48D1-ACD1-CA8C3A7CD95D}.Ad-Hoc|x86.Build.0 = Release|Any CPU
		{577DB6BB-47C1-48D1-ACD1-CA8C3A7CD95D}.Ad-Hoc|x86.Deploy.0 = Release|Any CPU
		{577DB6BB-47C1-48D1-ACD1-CA8C3A7CD95D}.AppStore|Any CPU.ActiveCfg = Release|Any CPU
		{577DB6BB-47C1-48D1-ACD1-CA8C3A7CD95D}.AppStore|Any CPU.Build.0 = Release|Any CPU
		{577DB6BB-47C1-48D1-ACD1-CA8C3A7CD95D}.AppStore|Any CPU.Deploy.0 = Release|Any CPU
		{577DB6BB-47C1-48D1-ACD1-CA8C3A7CD95D}.AppStore|ARM.ActiveCfg = Release|Any CPU
		{577DB6BB-47C1-48D1-ACD1-CA8C3A7CD95D}.AppStore|ARM.Build.0 = Release|Any CPU
		{577DB6BB-47C1-48D1-ACD1-CA8C3A7CD95D}.AppStore|ARM.Deploy.0 = Release|Any CPU
		{577DB6BB-47C1-48D1-ACD1-CA8C3A7CD95D}.AppStore|iPhone.ActiveCfg = Release|Any CPU
		{577DB6BB-47C1-48D1-ACD1-CA8C3A7CD95D}.AppStore|iPhone.Build.0 = Release|Any CPU
		{577DB6BB-47C1-48D1-ACD1-CA8C3A7CD95D}.AppStore|iPhone.Deploy.0 = Release|Any CPU
		{577DB6BB-47C1-48D1-ACD1-CA8C3A7CD95D}.AppStore|iPhoneSimulator.ActiveCfg = Release|Any CPU
		{577DB6BB-47C1-48D1-ACD1-CA8C3A7CD95D}.AppStore|iPhoneSimulator.Build.0 = Release|Any CPU
		{577DB6BB-47C1-48D1-ACD1-CA8C3A7CD95D}.AppStore|iPhoneSimulator.Deploy.0 = Release|Any CPU
		{577DB6BB-47C1-48D1-ACD1-CA8C3A7CD95D}.AppStore|x64.ActiveCfg = Release|Any CPU
		{577DB6BB-47C1-48D1-ACD1-CA8C3A7CD95D}.AppStore|x64.Build.0 = Release|Any CPU
		{577DB6BB-47C1-48D1-ACD1-CA8C3A7CD95D}.AppStore|x64.Deploy.0 = Release|Any CPU
		{577DB6BB-47C1-48D1-ACD1-CA8C3A7CD95D}.AppStore|x86.ActiveCfg = Release|Any CPU
		{577DB6BB-47C1-48D1-ACD1-CA8C3A7CD95D}.AppStore|x86.Build.0 = Release|Any CPU
		{577DB6BB-47C1-48D1-ACD1-CA8C3A7CD95D}.AppStore|x86.Deploy.0 = Release|Any CPU
		{577DB6BB-47C1-48D1-ACD1-CA8C3A7CD95D}.Debug|Any CPU.ActiveCfg = Debug|Any CPU
		{577DB6BB-47C1-48D1-ACD1-CA8C3A7CD95D}.Debug|Any CPU.Build.0 = Debug|Any CPU
		{577DB6BB-47C1-48D1-ACD1-CA8C3A7CD95D}.Debug|Any CPU.Deploy.0 = Debug|Any CPU
		{577DB6BB-47C1-48D1-ACD1-CA8C3A7CD95D}.Debug|ARM.ActiveCfg = Debug|Any CPU
		{577DB6BB-47C1-48D1-ACD1-CA8C3A7CD95D}.Debug|ARM.Build.0 = Debug|Any CPU
		{577DB6BB-47C1-48D1-ACD1-CA8C3A7CD95D}.Debug|ARM.Deploy.0 = Debug|Any CPU
		{577DB6BB-47C1-48D1-ACD1-CA8C3A7CD95D}.Debug|iPhone.ActiveCfg = Debug|Any CPU
		{577DB6BB-47C1-48D1-ACD1-CA8C3A7CD95D}.Debug|iPhone.Build.0 = Debug|Any CPU
		{577DB6BB-47C1-48D1-ACD1-CA8C3A7CD95D}.Debug|iPhone.Deploy.0 = Debug|Any CPU
		{577DB6BB-47C1-48D1-ACD1-CA8C3A7CD95D}.Debug|iPhoneSimulator.ActiveCfg = Debug|Any CPU
		{577DB6BB-47C1-48D1-ACD1-CA8C3A7CD95D}.Debug|iPhoneSimulator.Build.0 = Debug|Any CPU
		{577DB6BB-47C1-48D1-ACD1-CA8C3A7CD95D}.Debug|iPhoneSimulator.Deploy.0 = Debug|Any CPU
		{577DB6BB-47C1-48D1-ACD1-CA8C3A7CD95D}.Debug|x64.ActiveCfg = Debug|Any CPU
		{577DB6BB-47C1-48D1-ACD1-CA8C3A7CD95D}.Debug|x64.Build.0 = Debug|Any CPU
		{577DB6BB-47C1-48D1-ACD1-CA8C3A7CD95D}.Debug|x64.Deploy.0 = Debug|Any CPU
		{577DB6BB-47C1-48D1-ACD1-CA8C3A7CD95D}.Debug|x86.ActiveCfg = Debug|Any CPU
		{577DB6BB-47C1-48D1-ACD1-CA8C3A7CD95D}.Debug|x86.Build.0 = Debug|Any CPU
		{577DB6BB-47C1-48D1-ACD1-CA8C3A7CD95D}.Debug|x86.Deploy.0 = Debug|Any CPU
		{577DB6BB-47C1-48D1-ACD1-CA8C3A7CD95D}.Release|Any CPU.ActiveCfg = Release|Any CPU
		{577DB6BB-47C1-48D1-ACD1-CA8C3A7CD95D}.Release|Any CPU.Build.0 = Release|Any CPU
		{577DB6BB-47C1-48D1-ACD1-CA8C3A7CD95D}.Release|Any CPU.Deploy.0 = Release|Any CPU
		{577DB6BB-47C1-48D1-ACD1-CA8C3A7CD95D}.Release|ARM.ActiveCfg = Release|Any CPU
		{577DB6BB-47C1-48D1-ACD1-CA8C3A7CD95D}.Release|ARM.Build.0 = Release|Any CPU
		{577DB6BB-47C1-48D1-ACD1-CA8C3A7CD95D}.Release|ARM.Deploy.0 = Release|Any CPU
		{577DB6BB-47C1-48D1-ACD1-CA8C3A7CD95D}.Release|iPhone.ActiveCfg = Release|Any CPU
		{577DB6BB-47C1-48D1-ACD1-CA8C3A7CD95D}.Release|iPhone.Build.0 = Release|Any CPU
		{577DB6BB-47C1-48D1-ACD1-CA8C3A7CD95D}.Release|iPhone.Deploy.0 = Release|Any CPU
		{577DB6BB-47C1-48D1-ACD1-CA8C3A7CD95D}.Release|iPhoneSimulator.ActiveCfg = Release|Any CPU
		{577DB6BB-47C1-48D1-ACD1-CA8C3A7CD95D}.Release|iPhoneSimulator.Build.0 = Release|Any CPU
		{577DB6BB-47C1-48D1-ACD1-CA8C3A7CD95D}.Release|iPhoneSimulator.Deploy.0 = Release|Any CPU
		{577DB6BB-47C1-48D1-ACD1-CA8C3A7CD95D}.Release|x64.ActiveCfg = Release|Any CPU
		{577DB6BB-47C1-48D1-ACD1-CA8C3A7CD95D}.Release|x64.Build.0 = Release|Any CPU
		{577DB6BB-47C1-48D1-ACD1-CA8C3A7CD95D}.Release|x64.Deploy.0 = Release|Any CPU
		{577DB6BB-47C1-48D1-ACD1-CA8C3A7CD95D}.Release|x86.ActiveCfg = Release|Any CPU
		{577DB6BB-47C1-48D1-ACD1-CA8C3A7CD95D}.Release|x86.Build.0 = Release|Any CPU
		{577DB6BB-47C1-48D1-ACD1-CA8C3A7CD95D}.Release|x86.Deploy.0 = Release|Any CPU
		{3246526B-D8C1-4C83-9583-0EF543E1CF0C}.Ad-Hoc|Any CPU.ActiveCfg = Ad-Hoc|iPhone
		{3246526B-D8C1-4C83-9583-0EF543E1CF0C}.Ad-Hoc|ARM.ActiveCfg = Ad-Hoc|iPhone
		{3246526B-D8C1-4C83-9583-0EF543E1CF0C}.Ad-Hoc|iPhone.ActiveCfg = Ad-Hoc|iPhone
		{3246526B-D8C1-4C83-9583-0EF543E1CF0C}.Ad-Hoc|iPhone.Build.0 = Ad-Hoc|iPhone
		{3246526B-D8C1-4C83-9583-0EF543E1CF0C}.Ad-Hoc|iPhoneSimulator.ActiveCfg = Ad-Hoc|iPhoneSimulator
		{3246526B-D8C1-4C83-9583-0EF543E1CF0C}.Ad-Hoc|iPhoneSimulator.Build.0 = Ad-Hoc|iPhoneSimulator
		{3246526B-D8C1-4C83-9583-0EF543E1CF0C}.Ad-Hoc|x64.ActiveCfg = Ad-Hoc|iPhone
		{3246526B-D8C1-4C83-9583-0EF543E1CF0C}.Ad-Hoc|x86.ActiveCfg = Ad-Hoc|iPhone
		{3246526B-D8C1-4C83-9583-0EF543E1CF0C}.AppStore|Any CPU.ActiveCfg = AppStore|iPhone
		{3246526B-D8C1-4C83-9583-0EF543E1CF0C}.AppStore|ARM.ActiveCfg = AppStore|iPhone
		{3246526B-D8C1-4C83-9583-0EF543E1CF0C}.AppStore|iPhone.ActiveCfg = AppStore|iPhone
		{3246526B-D8C1-4C83-9583-0EF543E1CF0C}.AppStore|iPhone.Build.0 = AppStore|iPhone
		{3246526B-D8C1-4C83-9583-0EF543E1CF0C}.AppStore|iPhoneSimulator.ActiveCfg = AppStore|iPhoneSimulator
		{3246526B-D8C1-4C83-9583-0EF543E1CF0C}.AppStore|iPhoneSimulator.Build.0 = AppStore|iPhoneSimulator
		{3246526B-D8C1-4C83-9583-0EF543E1CF0C}.AppStore|x64.ActiveCfg = AppStore|iPhone
		{3246526B-D8C1-4C83-9583-0EF543E1CF0C}.AppStore|x86.ActiveCfg = AppStore|iPhone
		{3246526B-D8C1-4C83-9583-0EF543E1CF0C}.Debug|Any CPU.ActiveCfg = Debug|iPhone
		{3246526B-D8C1-4C83-9583-0EF543E1CF0C}.Debug|ARM.ActiveCfg = Debug|iPhone
		{3246526B-D8C1-4C83-9583-0EF543E1CF0C}.Debug|iPhone.ActiveCfg = Debug|iPhone
		{3246526B-D8C1-4C83-9583-0EF543E1CF0C}.Debug|iPhone.Build.0 = Debug|iPhone
		{3246526B-D8C1-4C83-9583-0EF543E1CF0C}.Debug|iPhoneSimulator.ActiveCfg = Debug|iPhoneSimulator
		{3246526B-D8C1-4C83-9583-0EF543E1CF0C}.Debug|iPhoneSimulator.Build.0 = Debug|iPhoneSimulator
		{3246526B-D8C1-4C83-9583-0EF543E1CF0C}.Debug|x64.ActiveCfg = Debug|iPhone
		{3246526B-D8C1-4C83-9583-0EF543E1CF0C}.Debug|x86.ActiveCfg = Debug|iPhone
		{3246526B-D8C1-4C83-9583-0EF543E1CF0C}.Release|Any CPU.ActiveCfg = Release|iPhone
		{3246526B-D8C1-4C83-9583-0EF543E1CF0C}.Release|ARM.ActiveCfg = Release|iPhone
		{3246526B-D8C1-4C83-9583-0EF543E1CF0C}.Release|iPhone.ActiveCfg = Release|iPhone
		{3246526B-D8C1-4C83-9583-0EF543E1CF0C}.Release|iPhone.Build.0 = Release|iPhone
		{3246526B-D8C1-4C83-9583-0EF543E1CF0C}.Release|iPhoneSimulator.ActiveCfg = Release|iPhoneSimulator
		{3246526B-D8C1-4C83-9583-0EF543E1CF0C}.Release|iPhoneSimulator.Build.0 = Release|iPhoneSimulator
		{3246526B-D8C1-4C83-9583-0EF543E1CF0C}.Release|x64.ActiveCfg = Release|iPhone
		{3246526B-D8C1-4C83-9583-0EF543E1CF0C}.Release|x86.ActiveCfg = Release|iPhone
		{28C4FD9F-EFA2-412A-B47B-AACFD691A713}.Ad-Hoc|Any CPU.ActiveCfg = Release|x86
		{28C4FD9F-EFA2-412A-B47B-AACFD691A713}.Ad-Hoc|Any CPU.Build.0 = Release|x86
		{28C4FD9F-EFA2-412A-B47B-AACFD691A713}.Ad-Hoc|Any CPU.Deploy.0 = Release|x86
		{28C4FD9F-EFA2-412A-B47B-AACFD691A713}.Ad-Hoc|ARM.ActiveCfg = Release|ARM
		{28C4FD9F-EFA2-412A-B47B-AACFD691A713}.Ad-Hoc|ARM.Build.0 = Release|ARM
		{28C4FD9F-EFA2-412A-B47B-AACFD691A713}.Ad-Hoc|ARM.Deploy.0 = Release|ARM
		{28C4FD9F-EFA2-412A-B47B-AACFD691A713}.Ad-Hoc|iPhone.ActiveCfg = Release|x86
		{28C4FD9F-EFA2-412A-B47B-AACFD691A713}.Ad-Hoc|iPhone.Build.0 = Release|x86
		{28C4FD9F-EFA2-412A-B47B-AACFD691A713}.Ad-Hoc|iPhone.Deploy.0 = Release|x86
		{28C4FD9F-EFA2-412A-B47B-AACFD691A713}.Ad-Hoc|iPhoneSimulator.ActiveCfg = Release|x86
		{28C4FD9F-EFA2-412A-B47B-AACFD691A713}.Ad-Hoc|iPhoneSimulator.Build.0 = Release|x86
		{28C4FD9F-EFA2-412A-B47B-AACFD691A713}.Ad-Hoc|iPhoneSimulator.Deploy.0 = Release|x86
		{28C4FD9F-EFA2-412A-B47B-AACFD691A713}.Ad-Hoc|x64.ActiveCfg = Release|x64
		{28C4FD9F-EFA2-412A-B47B-AACFD691A713}.Ad-Hoc|x64.Build.0 = Release|x64
		{28C4FD9F-EFA2-412A-B47B-AACFD691A713}.Ad-Hoc|x64.Deploy.0 = Release|x64
		{28C4FD9F-EFA2-412A-B47B-AACFD691A713}.Ad-Hoc|x86.ActiveCfg = Release|x86
		{28C4FD9F-EFA2-412A-B47B-AACFD691A713}.Ad-Hoc|x86.Build.0 = Release|x86
		{28C4FD9F-EFA2-412A-B47B-AACFD691A713}.Ad-Hoc|x86.Deploy.0 = Release|x86
		{28C4FD9F-EFA2-412A-B47B-AACFD691A713}.AppStore|Any CPU.ActiveCfg = Release|x86
		{28C4FD9F-EFA2-412A-B47B-AACFD691A713}.AppStore|Any CPU.Build.0 = Release|x86
		{28C4FD9F-EFA2-412A-B47B-AACFD691A713}.AppStore|Any CPU.Deploy.0 = Release|x86
		{28C4FD9F-EFA2-412A-B47B-AACFD691A713}.AppStore|ARM.ActiveCfg = Release|ARM
		{28C4FD9F-EFA2-412A-B47B-AACFD691A713}.AppStore|ARM.Build.0 = Release|ARM
		{28C4FD9F-EFA2-412A-B47B-AACFD691A713}.AppStore|ARM.Deploy.0 = Release|ARM
		{28C4FD9F-EFA2-412A-B47B-AACFD691A713}.AppStore|iPhone.ActiveCfg = Release|x86
		{28C4FD9F-EFA2-412A-B47B-AACFD691A713}.AppStore|iPhone.Build.0 = Release|x86
		{28C4FD9F-EFA2-412A-B47B-AACFD691A713}.AppStore|iPhone.Deploy.0 = Release|x86
		{28C4FD9F-EFA2-412A-B47B-AACFD691A713}.AppStore|iPhoneSimulator.ActiveCfg = Release|x86
		{28C4FD9F-EFA2-412A-B47B-AACFD691A713}.AppStore|iPhoneSimulator.Build.0 = Release|x86
		{28C4FD9F-EFA2-412A-B47B-AACFD691A713}.AppStore|iPhoneSimulator.Deploy.0 = Release|x86
		{28C4FD9F-EFA2-412A-B47B-AACFD691A713}.AppStore|x64.ActiveCfg = Release|x64
		{28C4FD9F-EFA2-412A-B47B-AACFD691A713}.AppStore|x64.Build.0 = Release|x64
		{28C4FD9F-EFA2-412A-B47B-AACFD691A713}.AppStore|x64.Deploy.0 = Release|x64
		{28C4FD9F-EFA2-412A-B47B-AACFD691A713}.AppStore|x86.ActiveCfg = Release|x86
		{28C4FD9F-EFA2-412A-B47B-AACFD691A713}.AppStore|x86.Build.0 = Release|x86
		{28C4FD9F-EFA2-412A-B47B-AACFD691A713}.AppStore|x86.Deploy.0 = Release|x86
		{28C4FD9F-EFA2-412A-B47B-AACFD691A713}.Debug|Any CPU.ActiveCfg = Debug|x86
		{28C4FD9F-EFA2-412A-B47B-AACFD691A713}.Debug|Any CPU.Build.0 = Debug|x86
		{28C4FD9F-EFA2-412A-B47B-AACFD691A713}.Debug|Any CPU.Deploy.0 = Debug|x86
		{28C4FD9F-EFA2-412A-B47B-AACFD691A713}.Debug|ARM.ActiveCfg = Debug|ARM
		{28C4FD9F-EFA2-412A-B47B-AACFD691A713}.Debug|ARM.Build.0 = Debug|ARM
		{28C4FD9F-EFA2-412A-B47B-AACFD691A713}.Debug|ARM.Deploy.0 = Debug|ARM
		{28C4FD9F-EFA2-412A-B47B-AACFD691A713}.Debug|iPhone.ActiveCfg = Debug|x86
		{28C4FD9F-EFA2-412A-B47B-AACFD691A713}.Debug|iPhone.Build.0 = Debug|x86
		{28C4FD9F-EFA2-412A-B47B-AACFD691A713}.Debug|iPhone.Deploy.0 = Debug|x86
		{28C4FD9F-EFA2-412A-B47B-AACFD691A713}.Debug|iPhoneSimulator.ActiveCfg = Debug|x86
		{28C4FD9F-EFA2-412A-B47B-AACFD691A713}.Debug|x64.ActiveCfg = Debug|x64
		{28C4FD9F-EFA2-412A-B47B-AACFD691A713}.Debug|x64.Build.0 = Debug|x64
		{28C4FD9F-EFA2-412A-B47B-AACFD691A713}.Debug|x64.Deploy.0 = Debug|x64
		{28C4FD9F-EFA2-412A-B47B-AACFD691A713}.Debug|x86.ActiveCfg = Debug|x86
		{28C4FD9F-EFA2-412A-B47B-AACFD691A713}.Debug|x86.Build.0 = Debug|x86
		{28C4FD9F-EFA2-412A-B47B-AACFD691A713}.Debug|x86.Deploy.0 = Debug|x86
		{28C4FD9F-EFA2-412A-B47B-AACFD691A713}.Release|Any CPU.ActiveCfg = Release|x86
		{28C4FD9F-EFA2-412A-B47B-AACFD691A713}.Release|ARM.ActiveCfg = Release|ARM
		{28C4FD9F-EFA2-412A-B47B-AACFD691A713}.Release|ARM.Build.0 = Release|ARM
		{28C4FD9F-EFA2-412A-B47B-AACFD691A713}.Release|ARM.Deploy.0 = Release|ARM
		{28C4FD9F-EFA2-412A-B47B-AACFD691A713}.Release|iPhone.ActiveCfg = Release|x86
		{28C4FD9F-EFA2-412A-B47B-AACFD691A713}.Release|iPhoneSimulator.ActiveCfg = Release|x86
		{28C4FD9F-EFA2-412A-B47B-AACFD691A713}.Release|x64.ActiveCfg = Release|x64
		{28C4FD9F-EFA2-412A-B47B-AACFD691A713}.Release|x64.Build.0 = Release|x64
		{28C4FD9F-EFA2-412A-B47B-AACFD691A713}.Release|x64.Deploy.0 = Release|x64
		{28C4FD9F-EFA2-412A-B47B-AACFD691A713}.Release|x86.ActiveCfg = Release|x86
		{28C4FD9F-EFA2-412A-B47B-AACFD691A713}.Release|x86.Build.0 = Release|x86
		{28C4FD9F-EFA2-412A-B47B-AACFD691A713}.Release|x86.Deploy.0 = Release|x86
		{99C9E82C-C594-446D-AA59-8FFBC43AD226}.Ad-Hoc|Any CPU.ActiveCfg = Release|Any CPU
		{99C9E82C-C594-446D-AA59-8FFBC43AD226}.Ad-Hoc|Any CPU.Build.0 = Release|Any CPU
		{99C9E82C-C594-446D-AA59-8FFBC43AD226}.Ad-Hoc|ARM.ActiveCfg = Release|Any CPU
		{99C9E82C-C594-446D-AA59-8FFBC43AD226}.Ad-Hoc|ARM.Build.0 = Release|Any CPU
		{99C9E82C-C594-446D-AA59-8FFBC43AD226}.Ad-Hoc|iPhone.ActiveCfg = Release|Any CPU
		{99C9E82C-C594-446D-AA59-8FFBC43AD226}.Ad-Hoc|iPhone.Build.0 = Release|Any CPU
		{99C9E82C-C594-446D-AA59-8FFBC43AD226}.Ad-Hoc|iPhoneSimulator.ActiveCfg = Release|Any CPU
		{99C9E82C-C594-446D-AA59-8FFBC43AD226}.Ad-Hoc|iPhoneSimulator.Build.0 = Release|Any CPU
		{99C9E82C-C594-446D-AA59-8FFBC43AD226}.Ad-Hoc|x64.ActiveCfg = Release|Any CPU
		{99C9E82C-C594-446D-AA59-8FFBC43AD226}.Ad-Hoc|x64.Build.0 = Release|Any CPU
		{99C9E82C-C594-446D-AA59-8FFBC43AD226}.Ad-Hoc|x86.ActiveCfg = Release|Any CPU
		{99C9E82C-C594-446D-AA59-8FFBC43AD226}.Ad-Hoc|x86.Build.0 = Release|Any CPU
		{99C9E82C-C594-446D-AA59-8FFBC43AD226}.AppStore|Any CPU.ActiveCfg = Release|Any CPU
		{99C9E82C-C594-446D-AA59-8FFBC43AD226}.AppStore|Any CPU.Build.0 = Release|Any CPU
		{99C9E82C-C594-446D-AA59-8FFBC43AD226}.AppStore|ARM.ActiveCfg = Release|Any CPU
		{99C9E82C-C594-446D-AA59-8FFBC43AD226}.AppStore|ARM.Build.0 = Release|Any CPU
		{99C9E82C-C594-446D-AA59-8FFBC43AD226}.AppStore|iPhone.ActiveCfg = Release|Any CPU
		{99C9E82C-C594-446D-AA59-8FFBC43AD226}.AppStore|iPhone.Build.0 = Release|Any CPU
		{99C9E82C-C594-446D-AA59-8FFBC43AD226}.AppStore|iPhoneSimulator.ActiveCfg = Release|Any CPU
		{99C9E82C-C594-446D-AA59-8FFBC43AD226}.AppStore|iPhoneSimulator.Build.0 = Release|Any CPU
		{99C9E82C-C594-446D-AA59-8FFBC43AD226}.AppStore|x64.ActiveCfg = Release|Any CPU
		{99C9E82C-C594-446D-AA59-8FFBC43AD226}.AppStore|x64.Build.0 = Release|Any CPU
		{99C9E82C-C594-446D-AA59-8FFBC43AD226}.AppStore|x86.ActiveCfg = Release|Any CPU
		{99C9E82C-C594-446D-AA59-8FFBC43AD226}.AppStore|x86.Build.0 = Release|Any CPU
		{99C9E82C-C594-446D-AA59-8FFBC43AD226}.Debug|Any CPU.ActiveCfg = Debug|Any CPU
		{99C9E82C-C594-446D-AA59-8FFBC43AD226}.Debug|Any CPU.Build.0 = Debug|Any CPU
		{99C9E82C-C594-446D-AA59-8FFBC43AD226}.Debug|ARM.ActiveCfg = Debug|Any CPU
		{99C9E82C-C594-446D-AA59-8FFBC43AD226}.Debug|ARM.Build.0 = Debug|Any CPU
		{99C9E82C-C594-446D-AA59-8FFBC43AD226}.Debug|iPhone.ActiveCfg = Debug|Any CPU
		{99C9E82C-C594-446D-AA59-8FFBC43AD226}.Debug|iPhone.Build.0 = Debug|Any CPU
		{99C9E82C-C594-446D-AA59-8FFBC43AD226}.Debug|iPhoneSimulator.ActiveCfg = Debug|Any CPU
		{99C9E82C-C594-446D-AA59-8FFBC43AD226}.Debug|iPhoneSimulator.Build.0 = Debug|Any CPU
		{99C9E82C-C594-446D-AA59-8FFBC43AD226}.Debug|x64.ActiveCfg = Debug|Any CPU
		{99C9E82C-C594-446D-AA59-8FFBC43AD226}.Debug|x64.Build.0 = Debug|Any CPU
		{99C9E82C-C594-446D-AA59-8FFBC43AD226}.Debug|x86.ActiveCfg = Debug|Any CPU
		{99C9E82C-C594-446D-AA59-8FFBC43AD226}.Debug|x86.Build.0 = Debug|Any CPU
		{99C9E82C-C594-446D-AA59-8FFBC43AD226}.Release|Any CPU.ActiveCfg = Release|Any CPU
		{99C9E82C-C594-446D-AA59-8FFBC43AD226}.Release|Any CPU.Build.0 = Release|Any CPU
		{99C9E82C-C594-446D-AA59-8FFBC43AD226}.Release|ARM.ActiveCfg = Release|Any CPU
		{99C9E82C-C594-446D-AA59-8FFBC43AD226}.Release|ARM.Build.0 = Release|Any CPU
		{99C9E82C-C594-446D-AA59-8FFBC43AD226}.Release|iPhone.ActiveCfg = Release|Any CPU
		{99C9E82C-C594-446D-AA59-8FFBC43AD226}.Release|iPhone.Build.0 = Release|Any CPU
		{99C9E82C-C594-446D-AA59-8FFBC43AD226}.Release|iPhoneSimulator.ActiveCfg = Release|Any CPU
		{99C9E82C-C594-446D-AA59-8FFBC43AD226}.Release|iPhoneSimulator.Build.0 = Release|Any CPU
		{99C9E82C-C594-446D-AA59-8FFBC43AD226}.Release|x64.ActiveCfg = Release|Any CPU
		{99C9E82C-C594-446D-AA59-8FFBC43AD226}.Release|x64.Build.0 = Release|Any CPU
		{99C9E82C-C594-446D-AA59-8FFBC43AD226}.Release|x86.ActiveCfg = Release|Any CPU
		{99C9E82C-C594-446D-AA59-8FFBC43AD226}.Release|x86.Build.0 = Release|Any CPU
		{12CB47EA-506C-4811-BB21-6D506F3F61AD}.Ad-Hoc|Any CPU.ActiveCfg = Release|Any CPU
		{12CB47EA-506C-4811-BB21-6D506F3F61AD}.Ad-Hoc|Any CPU.Build.0 = Release|Any CPU
		{12CB47EA-506C-4811-BB21-6D506F3F61AD}.Ad-Hoc|ARM.ActiveCfg = Release|Any CPU
		{12CB47EA-506C-4811-BB21-6D506F3F61AD}.Ad-Hoc|ARM.Build.0 = Release|Any CPU
		{12CB47EA-506C-4811-BB21-6D506F3F61AD}.Ad-Hoc|iPhone.ActiveCfg = Release|Any CPU
		{12CB47EA-506C-4811-BB21-6D506F3F61AD}.Ad-Hoc|iPhone.Build.0 = Release|Any CPU
		{12CB47EA-506C-4811-BB21-6D506F3F61AD}.Ad-Hoc|iPhoneSimulator.ActiveCfg = Release|Any CPU
		{12CB47EA-506C-4811-BB21-6D506F3F61AD}.Ad-Hoc|iPhoneSimulator.Build.0 = Release|Any CPU
		{12CB47EA-506C-4811-BB21-6D506F3F61AD}.Ad-Hoc|x64.ActiveCfg = Release|Any CPU
		{12CB47EA-506C-4811-BB21-6D506F3F61AD}.Ad-Hoc|x64.Build.0 = Release|Any CPU
		{12CB47EA-506C-4811-BB21-6D506F3F61AD}.Ad-Hoc|x86.ActiveCfg = Release|Any CPU
		{12CB47EA-506C-4811-BB21-6D506F3F61AD}.Ad-Hoc|x86.Build.0 = Release|Any CPU
		{12CB47EA-506C-4811-BB21-6D506F3F61AD}.AppStore|Any CPU.ActiveCfg = Release|Any CPU
		{12CB47EA-506C-4811-BB21-6D506F3F61AD}.AppStore|Any CPU.Build.0 = Release|Any CPU
		{12CB47EA-506C-4811-BB21-6D506F3F61AD}.AppStore|ARM.ActiveCfg = Release|Any CPU
		{12CB47EA-506C-4811-BB21-6D506F3F61AD}.AppStore|ARM.Build.0 = Release|Any CPU
		{12CB47EA-506C-4811-BB21-6D506F3F61AD}.AppStore|iPhone.ActiveCfg = Release|Any CPU
		{12CB47EA-506C-4811-BB21-6D506F3F61AD}.AppStore|iPhone.Build.0 = Release|Any CPU
		{12CB47EA-506C-4811-BB21-6D506F3F61AD}.AppStore|iPhoneSimulator.ActiveCfg = Release|Any CPU
		{12CB47EA-506C-4811-BB21-6D506F3F61AD}.AppStore|iPhoneSimulator.Build.0 = Release|Any CPU
		{12CB47EA-506C-4811-BB21-6D506F3F61AD}.AppStore|x64.ActiveCfg = Release|Any CPU
		{12CB47EA-506C-4811-BB21-6D506F3F61AD}.AppStore|x64.Build.0 = Release|Any CPU
		{12CB47EA-506C-4811-BB21-6D506F3F61AD}.AppStore|x86.ActiveCfg = Release|Any CPU
		{12CB47EA-506C-4811-BB21-6D506F3F61AD}.AppStore|x86.Build.0 = Release|Any CPU
		{12CB47EA-506C-4811-BB21-6D506F3F61AD}.Debug|Any CPU.ActiveCfg = Debug|Any CPU
		{12CB47EA-506C-4811-BB21-6D506F3F61AD}.Debug|Any CPU.Build.0 = Debug|Any CPU
		{12CB47EA-506C-4811-BB21-6D506F3F61AD}.Debug|ARM.ActiveCfg = Debug|Any CPU
		{12CB47EA-506C-4811-BB21-6D506F3F61AD}.Debug|ARM.Build.0 = Debug|Any CPU
		{12CB47EA-506C-4811-BB21-6D506F3F61AD}.Debug|iPhone.ActiveCfg = Debug|Any CPU
		{12CB47EA-506C-4811-BB21-6D506F3F61AD}.Debug|iPhone.Build.0 = Debug|Any CPU
		{12CB47EA-506C-4811-BB21-6D506F3F61AD}.Debug|iPhoneSimulator.ActiveCfg = Debug|Any CPU
		{12CB47EA-506C-4811-BB21-6D506F3F61AD}.Debug|iPhoneSimulator.Build.0 = Debug|Any CPU
		{12CB47EA-506C-4811-BB21-6D506F3F61AD}.Debug|x64.ActiveCfg = Debug|Any CPU
		{12CB47EA-506C-4811-BB21-6D506F3F61AD}.Debug|x64.Build.0 = Debug|Any CPU
		{12CB47EA-506C-4811-BB21-6D506F3F61AD}.Debug|x86.ActiveCfg = Debug|Any CPU
		{12CB47EA-506C-4811-BB21-6D506F3F61AD}.Debug|x86.Build.0 = Debug|Any CPU
		{12CB47EA-506C-4811-BB21-6D506F3F61AD}.Release|Any CPU.ActiveCfg = Release|Any CPU
		{12CB47EA-506C-4811-BB21-6D506F3F61AD}.Release|Any CPU.Build.0 = Release|Any CPU
		{12CB47EA-506C-4811-BB21-6D506F3F61AD}.Release|ARM.ActiveCfg = Release|Any CPU
		{12CB47EA-506C-4811-BB21-6D506F3F61AD}.Release|ARM.Build.0 = Release|Any CPU
		{12CB47EA-506C-4811-BB21-6D506F3F61AD}.Release|iPhone.ActiveCfg = Release|Any CPU
		{12CB47EA-506C-4811-BB21-6D506F3F61AD}.Release|iPhone.Build.0 = Release|Any CPU
		{12CB47EA-506C-4811-BB21-6D506F3F61AD}.Release|iPhoneSimulator.ActiveCfg = Release|Any CPU
		{12CB47EA-506C-4811-BB21-6D506F3F61AD}.Release|iPhoneSimulator.Build.0 = Release|Any CPU
		{12CB47EA-506C-4811-BB21-6D506F3F61AD}.Release|x64.ActiveCfg = Release|Any CPU
		{12CB47EA-506C-4811-BB21-6D506F3F61AD}.Release|x64.Build.0 = Release|Any CPU
		{12CB47EA-506C-4811-BB21-6D506F3F61AD}.Release|x86.ActiveCfg = Release|Any CPU
		{12CB47EA-506C-4811-BB21-6D506F3F61AD}.Release|x86.Build.0 = Release|Any CPU
	EndGlobalSection
	GlobalSection(SolutionProperties) = preSolution
		HideSolutionNode = FALSE
	EndGlobalSection
	GlobalSection(NestedProjects) = preSolution
		{67F9D3A8-F71E-4428-913F-C37AE82CDB24} = {F623EC30-E04D-44CD-8AA1-A1EBF2160532}
		{062FC7A8-DE50-4C5F-9910-F48C707064A4} = {A9734008-DFE4-4126-B975-20DA5FC5F5D2}
		{577DB6BB-47C1-48D1-ACD1-CA8C3A7CD95D} = {A9734008-DFE4-4126-B975-20DA5FC5F5D2}
		{3246526B-D8C1-4C83-9583-0EF543E1CF0C} = {A9734008-DFE4-4126-B975-20DA5FC5F5D2}
		{28C4FD9F-EFA2-412A-B47B-AACFD691A713} = {A9734008-DFE4-4126-B975-20DA5FC5F5D2}
		{99C9E82C-C594-446D-AA59-8FFBC43AD226} = {E06D9C9C-2CB0-4F72-81F5-65E975E5B027}
		{12CB47EA-506C-4811-BB21-6D506F3F61AD} = {95FE29A8-FF85-4549-99EE-C9543D7620FD}
	EndGlobalSection
EndGlobal
