
Microsoft Visual Studio Solution File, Format Version 12.00
# Visual Studio 14
VisualStudioVersion = 14.0.25420.1
MinimumVisualStudioVersion = 10.0.40219.1
Project("{2150E333-8FDC-42A3-9474-1A3956D46DE8}") = "Xamarin", "Xamarin", "{A9734008-DFE4-4126-B975-20DA5FC5F5D2}"
EndProject
Project("{FAE04EC0-301F-11D3-BF4B-00C04F79EFBC}") = "BcTool", "Xamarin\BcTool\BcTool\BcTool.csproj", "{68F8BE9D-BA16-48C4-A58E-1D0EF3FAB298}"
EndProject
Project("{FAE04EC0-301F-11D3-BF4B-00C04F79EFBC}") = "BcTool.iOS", "Xamarin\BcTool\BcTool.iOS\BcTool.iOS.csproj", "{359355DA-B252-424B-83C1-07BB7CE6A72E}"
EndProject
Project("{FAE04EC0-301F-11D3-BF4B-00C04F79EFBC}") = "BcTool.UWP", "Xamarin\BcTool\BcTool.UWP\BcTool.UWP.csproj", "{3BB07304-623C-4D9C-AA3C-35595FB618A6}"
EndProject
Project("{FAE04EC0-301F-11D3-BF4B-00C04F79EFBC}") = "BcTool.Droid", "Xamarin\BcTool\BcTool.Droid\BcTool.Droid.csproj", "{6DDF6E8B-58D7-4DB1-A70F-237CF4C299AF}"
EndProject
Project("{2150E333-8FDC-42A3-9474-1A3956D46DE8}") = "Wpf", "Wpf", "{BC2341EC-563C-4BCA-83A1-5130BA370499}"
EndProject
Project("{FAE04EC0-301F-11D3-BF4B-00C04F79EFBC}") = "BcTool", "Wpf\BcTool\BcTool.csproj", "{88BA1E0E-DD73-4F52-ACD7-774453A2FEF6}"
EndProject
Project("{2150E333-8FDC-42A3-9474-1A3956D46DE8}") = "WebApi", "WebApi", "{E062A556-47BD-4916-BF01-E04C91D58586}"
EndProject
Project("{FAE04EC0-301F-11D3-BF4B-00C04F79EFBC}") = "Api", "WebApi\Api\Api.csproj", "{12CB47EA-506C-4811-BB21-6D506F3F61AD}"
EndProject
Project("{2150E333-8FDC-42A3-9474-1A3956D46DE8}") = "Library", "Library", "{F623EC30-E04D-44CD-8AA1-A1EBF2160532}"
EndProject
Project("{FAE04EC0-301F-11D3-BF4B-00C04F79EFBC}") = "JsonEntity", "Library\JsonEntity\JsonEntity.csproj", "{67F9D3A8-F71E-4428-913F-C37AE82CDB24}"
EndProject
Global
	GlobalSection(SolutionConfigurationPlatforms) = preSolution
		Ad-Hoc|Any CPU = Ad-Hoc|Any CPU
		Ad-Hoc|ARM = Ad-Hoc|ARM
		Ad-Hoc|iPhone = Ad-Hoc|iPhone
		Ad-Hoc|iPhoneSimulator = Ad-Hoc|iPhoneSimulator
		Ad-Hoc|x64 = Ad-Hoc|x64
		Ad-Hoc|x86 = Ad-Hoc|x86
		AppStore|Any CPU = AppStore|Any CPU
		AppStore|ARM = AppStore|ARM
		AppStore|iPhone = AppStore|iPhone
		AppStore|iPhoneSimulator = AppStore|iPhoneSimulator
		AppStore|x64 = AppStore|x64
		AppStore|x86 = AppStore|x86
		Debug|Any CPU = Debug|Any CPU
		Debug|ARM = Debug|ARM
		Debug|iPhone = Debug|iPhone
		Debug|iPhoneSimulator = Debug|iPhoneSimulator
		Debug|x64 = Debug|x64
		Debug|x86 = Debug|x86
		Release|Any CPU = Release|Any CPU
		Release|ARM = Release|ARM
		Release|iPhone = Release|iPhone
		Release|iPhoneSimulator = Release|iPhoneSimulator
		Release|x64 = Release|x64
		Release|x86 = Release|x86
	EndGlobalSection
	GlobalSection(ProjectConfigurationPlatforms) = postSolution
		{68F8BE9D-BA16-48C4-A58E-1D0EF3FAB298}.Ad-Hoc|Any CPU.ActiveCfg = Release|Any CPU
		{68F8BE9D-BA16-48C4-A58E-1D0EF3FAB298}.Ad-Hoc|Any CPU.Build.0 = Release|Any CPU
		{68F8BE9D-BA16-48C4-A58E-1D0EF3FAB298}.Ad-Hoc|ARM.ActiveCfg = Release|Any CPU
		{68F8BE9D-BA16-48C4-A58E-1D0EF3FAB298}.Ad-Hoc|ARM.Build.0 = Release|Any CPU
		{68F8BE9D-BA16-48C4-A58E-1D0EF3FAB298}.Ad-Hoc|iPhone.ActiveCfg = Release|Any CPU
		{68F8BE9D-BA16-48C4-A58E-1D0EF3FAB298}.Ad-Hoc|iPhone.Build.0 = Release|Any CPU
		{68F8BE9D-BA16-48C4-A58E-1D0EF3FAB298}.Ad-Hoc|iPhoneSimulator.ActiveCfg = Release|Any CPU
		{68F8BE9D-BA16-48C4-A58E-1D0EF3FAB298}.Ad-Hoc|iPhoneSimulator.Build.0 = Release|Any CPU
		{68F8BE9D-BA16-48C4-A58E-1D0EF3FAB298}.Ad-Hoc|x64.ActiveCfg = Release|Any CPU
		{68F8BE9D-BA16-48C4-A58E-1D0EF3FAB298}.Ad-Hoc|x64.Build.0 = Release|Any CPU
		{68F8BE9D-BA16-48C4-A58E-1D0EF3FAB298}.Ad-Hoc|x86.ActiveCfg = Release|Any CPU
		{68F8BE9D-BA16-48C4-A58E-1D0EF3FAB298}.Ad-Hoc|x86.Build.0 = Release|Any CPU
		{68F8BE9D-BA16-48C4-A58E-1D0EF3FAB298}.AppStore|Any CPU.ActiveCfg = Release|Any CPU
		{68F8BE9D-BA16-48C4-A58E-1D0EF3FAB298}.AppStore|Any CPU.Build.0 = Release|Any CPU
		{68F8BE9D-BA16-48C4-A58E-1D0EF3FAB298}.AppStore|ARM.ActiveCfg = Release|Any CPU
		{68F8BE9D-BA16-48C4-A58E-1D0EF3FAB298}.AppStore|ARM.Build.0 = Release|Any CPU
		{68F8BE9D-BA16-48C4-A58E-1D0EF3FAB298}.AppStore|iPhone.ActiveCfg = Release|Any CPU
		{68F8BE9D-BA16-48C4-A58E-1D0EF3FAB298}.AppStore|iPhone.Build.0 = Release|Any CPU
		{68F8BE9D-BA16-48C4-A58E-1D0EF3FAB298}.AppStore|iPhoneSimulator.ActiveCfg = Release|Any CPU
		{68F8BE9D-BA16-48C4-A58E-1D0EF3FAB298}.AppStore|iPhoneSimulator.Build.0 = Release|Any CPU
		{68F8BE9D-BA16-48C4-A58E-1D0EF3FAB298}.AppStore|x64.ActiveCfg = Release|Any CPU
		{68F8BE9D-BA16-48C4-A58E-1D0EF3FAB298}.AppStore|x64.Build.0 = Release|Any CPU
		{68F8BE9D-BA16-48C4-A58E-1D0EF3FAB298}.AppStore|x86.ActiveCfg = Release|Any CPU
		{68F8BE9D-BA16-48C4-A58E-1D0EF3FAB298}.AppStore|x86.Build.0 = Release|Any CPU
		{68F8BE9D-BA16-48C4-A58E-1D0EF3FAB298}.Debug|Any CPU.ActiveCfg = Debug|Any CPU
		{68F8BE9D-BA16-48C4-A58E-1D0EF3FAB298}.Debug|Any CPU.Build.0 = Debug|Any CPU
		{68F8BE9D-BA16-48C4-A58E-1D0EF3FAB298}.Debug|ARM.ActiveCfg = Debug|Any CPU
		{68F8BE9D-BA16-48C4-A58E-1D0EF3FAB298}.Debug|ARM.Build.0 = Debug|Any CPU
		{68F8BE9D-BA16-48C4-A58E-1D0EF3FAB298}.Debug|iPhone.ActiveCfg = Debug|Any CPU
		{68F8BE9D-BA16-48C4-A58E-1D0EF3FAB298}.Debug|iPhone.Build.0 = Debug|Any CPU
		{68F8BE9D-BA16-48C4-A58E-1D0EF3FAB298}.Debug|iPhoneSimulator.ActiveCfg = Debug|Any CPU
		{68F8BE9D-BA16-48C4-A58E-1D0EF3FAB298}.Debug|iPhoneSimulator.Build.0 = Debug|Any CPU
		{68F8BE9D-BA16-48C4-A58E-1D0EF3FAB298}.Debug|x64.ActiveCfg = Debug|Any CPU
		{68F8BE9D-BA16-48C4-A58E-1D0EF3FAB298}.Debug|x64.Build.0 = Debug|Any CPU
		{68F8BE9D-BA16-48C4-A58E-1D0EF3FAB298}.Debug|x86.ActiveCfg = Debug|Any CPU
		{68F8BE9D-BA16-48C4-A58E-1D0EF3FAB298}.Debug|x86.Build.0 = Debug|Any CPU
		{68F8BE9D-BA16-48C4-A58E-1D0EF3FAB298}.Release|Any CPU.ActiveCfg = Release|Any CPU
		{68F8BE9D-BA16-48C4-A58E-1D0EF3FAB298}.Release|Any CPU.Build.0 = Release|Any CPU
		{68F8BE9D-BA16-48C4-A58E-1D0EF3FAB298}.Release|ARM.ActiveCfg = Release|Any CPU
		{68F8BE9D-BA16-48C4-A58E-1D0EF3FAB298}.Release|ARM.Build.0 = Release|Any CPU
		{68F8BE9D-BA16-48C4-A58E-1D0EF3FAB298}.Release|iPhone.ActiveCfg = Release|Any CPU
		{68F8BE9D-BA16-48C4-A58E-1D0EF3FAB298}.Release|iPhone.Build.0 = Release|Any CPU
		{68F8BE9D-BA16-48C4-A58E-1D0EF3FAB298}.Release|iPhoneSimulator.ActiveCfg = Release|Any CPU
		{68F8BE9D-BA16-48C4-A58E-1D0EF3FAB298}.Release|iPhoneSimulator.Build.0 = Release|Any CPU
		{68F8BE9D-BA16-48C4-A58E-1D0EF3FAB298}.Release|x64.ActiveCfg = Release|Any CPU
		{68F8BE9D-BA16-48C4-A58E-1D0EF3FAB298}.Release|x64.Build.0 = Release|Any CPU
		{68F8BE9D-BA16-48C4-A58E-1D0EF3FAB298}.Release|x86.ActiveCfg = Release|Any CPU
		{68F8BE9D-BA16-48C4-A58E-1D0EF3FAB298}.Release|x86.Build.0 = Release|Any CPU
		{359355DA-B252-424B-83C1-07BB7CE6A72E}.Ad-Hoc|Any CPU.ActiveCfg = Ad-Hoc|iPhone
		{359355DA-B252-424B-83C1-07BB7CE6A72E}.Ad-Hoc|ARM.ActiveCfg = Ad-Hoc|iPhone
		{359355DA-B252-424B-83C1-07BB7CE6A72E}.Ad-Hoc|iPhone.ActiveCfg = Ad-Hoc|iPhone
		{359355DA-B252-424B-83C1-07BB7CE6A72E}.Ad-Hoc|iPhone.Build.0 = Ad-Hoc|iPhone
		{359355DA-B252-424B-83C1-07BB7CE6A72E}.Ad-Hoc|iPhoneSimulator.ActiveCfg = Ad-Hoc|iPhoneSimulator
		{359355DA-B252-424B-83C1-07BB7CE6A72E}.Ad-Hoc|iPhoneSimulator.Build.0 = Ad-Hoc|iPhoneSimulator
		{359355DA-B252-424B-83C1-07BB7CE6A72E}.Ad-Hoc|x64.ActiveCfg = Ad-Hoc|iPhone
		{359355DA-B252-424B-83C1-07BB7CE6A72E}.Ad-Hoc|x86.ActiveCfg = Ad-Hoc|iPhone
		{359355DA-B252-424B-83C1-07BB7CE6A72E}.AppStore|Any CPU.ActiveCfg = AppStore|iPhone
		{359355DA-B252-424B-83C1-07BB7CE6A72E}.AppStore|ARM.ActiveCfg = AppStore|iPhone
		{359355DA-B252-424B-83C1-07BB7CE6A72E}.AppStore|iPhone.ActiveCfg = AppStore|iPhone
		{359355DA-B252-424B-83C1-07BB7CE6A72E}.AppStore|iPhone.Build.0 = AppStore|iPhone
		{359355DA-B252-424B-83C1-07BB7CE6A72E}.AppStore|iPhoneSimulator.ActiveCfg = AppStore|iPhoneSimulator
		{359355DA-B252-424B-83C1-07BB7CE6A72E}.AppStore|iPhoneSimulator.Build.0 = AppStore|iPhoneSimulator
		{359355DA-B252-424B-83C1-07BB7CE6A72E}.AppStore|x64.ActiveCfg = AppStore|iPhone
		{359355DA-B252-424B-83C1-07BB7CE6A72E}.AppStore|x86.ActiveCfg = AppStore|iPhone
		{359355DA-B252-424B-83C1-07BB7CE6A72E}.Debug|Any CPU.ActiveCfg = Debug|iPhone
		{359355DA-B252-424B-83C1-07BB7CE6A72E}.Debug|ARM.ActiveCfg = Debug|iPhone
		{359355DA-B252-424B-83C1-07BB7CE6A72E}.Debug|iPhone.ActiveCfg = Debug|iPhone
		{359355DA-B252-424B-83C1-07BB7CE6A72E}.Debug|iPhone.Build.0 = Debug|iPhone
		{359355DA-B252-424B-83C1-07BB7CE6A72E}.Debug|iPhoneSimulator.ActiveCfg = Debug|iPhoneSimulator
		{359355DA-B252-424B-83C1-07BB7CE6A72E}.Debug|iPhoneSimulator.Build.0 = Debug|iPhoneSimulator
		{359355DA-B252-424B-83C1-07BB7CE6A72E}.Debug|x64.ActiveCfg = Debug|iPhone
		{359355DA-B252-424B-83C1-07BB7CE6A72E}.Debug|x86.ActiveCfg = Debug|iPhone
		{359355DA-B252-424B-83C1-07BB7CE6A72E}.Debug|x86.Build.0 = Debug|iPhone
		{359355DA-B252-424B-83C1-07BB7CE6A72E}.Release|Any CPU.ActiveCfg = Release|iPhone
		{359355DA-B252-424B-83C1-07BB7CE6A72E}.Release|ARM.ActiveCfg = Release|iPhone
		{359355DA-B252-424B-83C1-07BB7CE6A72E}.Release|iPhone.ActiveCfg = Release|iPhone
		{359355DA-B252-424B-83C1-07BB7CE6A72E}.Release|iPhone.Build.0 = Release|iPhone
		{359355DA-B252-424B-83C1-07BB7CE6A72E}.Release|iPhoneSimulator.ActiveCfg = Release|iPhoneSimulator
		{359355DA-B252-424B-83C1-07BB7CE6A72E}.Release|iPhoneSimulator.Build.0 = Release|iPhoneSimulator
		{359355DA-B252-424B-83C1-07BB7CE6A72E}.Release|x64.ActiveCfg = Release|iPhone
		{359355DA-B252-424B-83C1-07BB7CE6A72E}.Release|x86.ActiveCfg = Release|iPhone
		{359355DA-B252-424B-83C1-07BB7CE6A72E}.Debug|Any CPU.Build.0 = Debug|iPhone
		{359355DA-B252-424B-83C1-07BB7CE6A72E}.Release|Any CPU.Build.0 = Release|iPhone
		{3BB07304-623C-4D9C-AA3C-35595FB618A6}.Ad-Hoc|Any CPU.ActiveCfg = Release|x86
		{3BB07304-623C-4D9C-AA3C-35595FB618A6}.Ad-Hoc|Any CPU.Build.0 = Release|x86
		{3BB07304-623C-4D9C-AA3C-35595FB618A6}.Ad-Hoc|Any CPU.Deploy.0 = Release|x86
		{3BB07304-623C-4D9C-AA3C-35595FB618A6}.Ad-Hoc|ARM.ActiveCfg = Release|ARM
		{3BB07304-623C-4D9C-AA3C-35595FB618A6}.Ad-Hoc|ARM.Build.0 = Release|ARM
		{3BB07304-623C-4D9C-AA3C-35595FB618A6}.Ad-Hoc|ARM.Deploy.0 = Release|ARM
		{3BB07304-623C-4D9C-AA3C-35595FB618A6}.Ad-Hoc|iPhone.ActiveCfg = Release|x86
		{3BB07304-623C-4D9C-AA3C-35595FB618A6}.Ad-Hoc|iPhone.Build.0 = Release|x86
		{3BB07304-623C-4D9C-AA3C-35595FB618A6}.Ad-Hoc|iPhone.Deploy.0 = Release|x86
		{3BB07304-623C-4D9C-AA3C-35595FB618A6}.Ad-Hoc|iPhoneSimulator.ActiveCfg = Release|x86
		{3BB07304-623C-4D9C-AA3C-35595FB618A6}.Ad-Hoc|iPhoneSimulator.Build.0 = Release|x86
		{3BB07304-623C-4D9C-AA3C-35595FB618A6}.Ad-Hoc|iPhoneSimulator.Deploy.0 = Release|x86
		{3BB07304-623C-4D9C-AA3C-35595FB618A6}.Ad-Hoc|x64.ActiveCfg = Release|x64
		{3BB07304-623C-4D9C-AA3C-35595FB618A6}.Ad-Hoc|x64.Build.0 = Release|x64
		{3BB07304-623C-4D9C-AA3C-35595FB618A6}.Ad-Hoc|x64.Deploy.0 = Release|x64
		{3BB07304-623C-4D9C-AA3C-35595FB618A6}.Ad-Hoc|x86.ActiveCfg = Release|x86
		{3BB07304-623C-4D9C-AA3C-35595FB618A6}.Ad-Hoc|x86.Build.0 = Release|x86
		{3BB07304-623C-4D9C-AA3C-35595FB618A6}.Ad-Hoc|x86.Deploy.0 = Release|x86
		{3BB07304-623C-4D9C-AA3C-35595FB618A6}.AppStore|Any CPU.ActiveCfg = Release|x86
		{3BB07304-623C-4D9C-AA3C-35595FB618A6}.AppStore|Any CPU.Build.0 = Release|x86
		{3BB07304-623C-4D9C-AA3C-35595FB618A6}.AppStore|Any CPU.Deploy.0 = Release|x86
		{3BB07304-623C-4D9C-AA3C-35595FB618A6}.AppStore|ARM.ActiveCfg = Release|ARM
		{3BB07304-623C-4D9C-AA3C-35595FB618A6}.AppStore|ARM.Build.0 = Release|ARM
		{3BB07304-623C-4D9C-AA3C-35595FB618A6}.AppStore|ARM.Deploy.0 = Release|ARM
		{3BB07304-623C-4D9C-AA3C-35595FB618A6}.AppStore|iPhone.ActiveCfg = Release|x86
		{3BB07304-623C-4D9C-AA3C-35595FB618A6}.AppStore|iPhone.Build.0 = Release|x86
		{3BB07304-623C-4D9C-AA3C-35595FB618A6}.AppStore|iPhone.Deploy.0 = Release|x86
		{3BB07304-623C-4D9C-AA3C-35595FB618A6}.AppStore|iPhoneSimulator.ActiveCfg = Release|x86
		{3BB07304-623C-4D9C-AA3C-35595FB618A6}.AppStore|iPhoneSimulator.Build.0 = Release|x86
		{3BB07304-623C-4D9C-AA3C-35595FB618A6}.AppStore|iPhoneSimulator.Deploy.0 = Release|x86
		{3BB07304-623C-4D9C-AA3C-35595FB618A6}.AppStore|x64.ActiveCfg = Release|x64
		{3BB07304-623C-4D9C-AA3C-35595FB618A6}.AppStore|x64.Build.0 = Release|x64
		{3BB07304-623C-4D9C-AA3C-35595FB618A6}.AppStore|x64.Deploy.0 = Release|x64
		{3BB07304-623C-4D9C-AA3C-35595FB618A6}.AppStore|x86.ActiveCfg = Release|x86
		{3BB07304-623C-4D9C-AA3C-35595FB618A6}.AppStore|x86.Build.0 = Release|x86
		{3BB07304-623C-4D9C-AA3C-35595FB618A6}.AppStore|x86.Deploy.0 = Release|x86
		{3BB07304-623C-4D9C-AA3C-35595FB618A6}.Debug|Any CPU.ActiveCfg = Debug|x86
		{3BB07304-623C-4D9C-AA3C-35595FB618A6}.Debug|ARM.ActiveCfg = Debug|ARM
		{3BB07304-623C-4D9C-AA3C-35595FB618A6}.Debug|ARM.Build.0 = Debug|ARM
		{3BB07304-623C-4D9C-AA3C-35595FB618A6}.Debug|ARM.Deploy.0 = Debug|ARM
		{3BB07304-623C-4D9C-AA3C-35595FB618A6}.Debug|iPhone.ActiveCfg = Debug|x86
		{3BB07304-623C-4D9C-AA3C-35595FB618A6}.Debug|iPhoneSimulator.ActiveCfg = Debug|x86
		{3BB07304-623C-4D9C-AA3C-35595FB618A6}.Debug|x64.ActiveCfg = Debug|x64
		{3BB07304-623C-4D9C-AA3C-35595FB618A6}.Debug|x64.Build.0 = Debug|x64
		{3BB07304-623C-4D9C-AA3C-35595FB618A6}.Debug|x64.Deploy.0 = Debug|x64
		{3BB07304-623C-4D9C-AA3C-35595FB618A6}.Debug|x86.ActiveCfg = Debug|x86
		{3BB07304-623C-4D9C-AA3C-35595FB618A6}.Debug|x86.Build.0 = Debug|x86
		{3BB07304-623C-4D9C-AA3C-35595FB618A6}.Debug|x86.Deploy.0 = Debug|x86
		{3BB07304-623C-4D9C-AA3C-35595FB618A6}.Release|Any CPU.ActiveCfg = Release|x86
		{3BB07304-623C-4D9C-AA3C-35595FB618A6}.Release|ARM.ActiveCfg = Release|ARM
		{3BB07304-623C-4D9C-AA3C-35595FB618A6}.Release|ARM.Build.0 = Release|ARM
		{3BB07304-623C-4D9C-AA3C-35595FB618A6}.Release|ARM.Deploy.0 = Release|ARM
		{3BB07304-623C-4D9C-AA3C-35595FB618A6}.Release|iPhone.ActiveCfg = Release|x86
		{3BB07304-623C-4D9C-AA3C-35595FB618A6}.Release|iPhoneSimulator.ActiveCfg = Release|x86
		{3BB07304-623C-4D9C-AA3C-35595FB618A6}.Release|x64.ActiveCfg = Release|x64
		{3BB07304-623C-4D9C-AA3C-35595FB618A6}.Release|x64.Build.0 = Release|x64
		{3BB07304-623C-4D9C-AA3C-35595FB618A6}.Release|x64.Deploy.0 = Release|x64
		{3BB07304-623C-4D9C-AA3C-35595FB618A6}.Release|x86.ActiveCfg = Release|x86
		{3BB07304-623C-4D9C-AA3C-35595FB618A6}.Release|x86.Build.0 = Release|x86
		{3BB07304-623C-4D9C-AA3C-35595FB618A6}.Release|x86.Deploy.0 = Release|x86
		{6DDF6E8B-58D7-4DB1-A70F-237CF4C299AF}.Ad-Hoc|Any CPU.ActiveCfg = Release|Any CPU
		{6DDF6E8B-58D7-4DB1-A70F-237CF4C299AF}.Ad-Hoc|Any CPU.Build.0 = Release|Any CPU
		{6DDF6E8B-58D7-4DB1-A70F-237CF4C299AF}.Ad-Hoc|Any CPU.Deploy.0 = Release|Any CPU
		{6DDF6E8B-58D7-4DB1-A70F-237CF4C299AF}.Ad-Hoc|ARM.ActiveCfg = Release|Any CPU
		{6DDF6E8B-58D7-4DB1-A70F-237CF4C299AF}.Ad-Hoc|ARM.Build.0 = Release|Any CPU
		{6DDF6E8B-58D7-4DB1-A70F-237CF4C299AF}.Ad-Hoc|ARM.Deploy.0 = Release|Any CPU
		{6DDF6E8B-58D7-4DB1-A70F-237CF4C299AF}.Ad-Hoc|iPhone.ActiveCfg = Release|Any CPU
		{6DDF6E8B-58D7-4DB1-A70F-237CF4C299AF}.Ad-Hoc|iPhone.Build.0 = Release|Any CPU
		{6DDF6E8B-58D7-4DB1-A70F-237CF4C299AF}.Ad-Hoc|iPhone.Deploy.0 = Release|Any CPU
		{6DDF6E8B-58D7-4DB1-A70F-237CF4C299AF}.Ad-Hoc|iPhoneSimulator.ActiveCfg = Release|Any CPU
		{6DDF6E8B-58D7-4DB1-A70F-237CF4C299AF}.Ad-Hoc|iPhoneSimulator.Build.0 = Release|Any CPU
		{6DDF6E8B-58D7-4DB1-A70F-237CF4C299AF}.Ad-Hoc|iPhoneSimulator.Deploy.0 = Release|Any CPU
		{6DDF6E8B-58D7-4DB1-A70F-237CF4C299AF}.Ad-Hoc|x64.ActiveCfg = Release|Any CPU
		{6DDF6E8B-58D7-4DB1-A70F-237CF4C299AF}.Ad-Hoc|x64.Build.0 = Release|Any CPU
		{6DDF6E8B-58D7-4DB1-A70F-237CF4C299AF}.Ad-Hoc|x64.Deploy.0 = Release|Any CPU
		{6DDF6E8B-58D7-4DB1-A70F-237CF4C299AF}.Ad-Hoc|x86.ActiveCfg = Release|Any CPU
		{6DDF6E8B-58D7-4DB1-A70F-237CF4C299AF}.Ad-Hoc|x86.Build.0 = Release|Any CPU
		{6DDF6E8B-58D7-4DB1-A70F-237CF4C299AF}.Ad-Hoc|x86.Deploy.0 = Release|Any CPU
		{6DDF6E8B-58D7-4DB1-A70F-237CF4C299AF}.AppStore|Any CPU.ActiveCfg = Release|Any CPU
		{6DDF6E8B-58D7-4DB1-A70F-237CF4C299AF}.AppStore|Any CPU.Build.0 = Release|Any CPU
		{6DDF6E8B-58D7-4DB1-A70F-237CF4C299AF}.AppStore|Any CPU.Deploy.0 = Release|Any CPU
		{6DDF6E8B-58D7-4DB1-A70F-237CF4C299AF}.AppStore|ARM.ActiveCfg = Release|Any CPU
		{6DDF6E8B-58D7-4DB1-A70F-237CF4C299AF}.AppStore|ARM.Build.0 = Release|Any CPU
		{6DDF6E8B-58D7-4DB1-A70F-237CF4C299AF}.AppStore|ARM.Deploy.0 = Release|Any CPU
		{6DDF6E8B-58D7-4DB1-A70F-237CF4C299AF}.AppStore|iPhone.ActiveCfg = Release|Any CPU
		{6DDF6E8B-58D7-4DB1-A70F-237CF4C299AF}.AppStore|iPhone.Build.0 = Release|Any CPU
		{6DDF6E8B-58D7-4DB1-A70F-237CF4C299AF}.AppStore|iPhone.Deploy.0 = Release|Any CPU
		{6DDF6E8B-58D7-4DB1-A70F-237CF4C299AF}.AppStore|iPhoneSimulator.ActiveCfg = Release|Any CPU
		{6DDF6E8B-58D7-4DB1-A70F-237CF4C299AF}.AppStore|iPhoneSimulator.Build.0 = Release|Any CPU
		{6DDF6E8B-58D7-4DB1-A70F-237CF4C299AF}.AppStore|iPhoneSimulator.Deploy.0 = Release|Any CPU
		{6DDF6E8B-58D7-4DB1-A70F-237CF4C299AF}.AppStore|x64.ActiveCfg = Release|Any CPU
		{6DDF6E8B-58D7-4DB1-A70F-237CF4C299AF}.AppStore|x64.Build.0 = Release|Any CPU
		{6DDF6E8B-58D7-4DB1-A70F-237CF4C299AF}.AppStore|x64.Deploy.0 = Release|Any CPU
		{6DDF6E8B-58D7-4DB1-A70F-237CF4C299AF}.AppStore|x86.ActiveCfg = Release|Any CPU
		{6DDF6E8B-58D7-4DB1-A70F-237CF4C299AF}.AppStore|x86.Build.0 = Release|Any CPU
		{6DDF6E8B-58D7-4DB1-A70F-237CF4C299AF}.AppStore|x86.Deploy.0 = Release|Any CPU
		{6DDF6E8B-58D7-4DB1-A70F-237CF4C299AF}.Debug|Any CPU.ActiveCfg = Debug|Any CPU
		{6DDF6E8B-58D7-4DB1-A70F-237CF4C299AF}.Debug|Any CPU.Build.0 = Debug|Any CPU
		{6DDF6E8B-58D7-4DB1-A70F-237CF4C299AF}.Debug|Any CPU.Deploy.0 = Debug|Any CPU
		{6DDF6E8B-58D7-4DB1-A70F-237CF4C299AF}.Debug|ARM.ActiveCfg = Debug|Any CPU
		{6DDF6E8B-58D7-4DB1-A70F-237CF4C299AF}.Debug|ARM.Build.0 = Debug|Any CPU
		{6DDF6E8B-58D7-4DB1-A70F-237CF4C299AF}.Debug|ARM.Deploy.0 = Debug|Any CPU
		{6DDF6E8B-58D7-4DB1-A70F-237CF4C299AF}.Debug|iPhone.ActiveCfg = Debug|Any CPU
		{6DDF6E8B-58D7-4DB1-A70F-237CF4C299AF}.Debug|iPhone.Build.0 = Debug|Any CPU
		{6DDF6E8B-58D7-4DB1-A70F-237CF4C299AF}.Debug|iPhone.Deploy.0 = Debug|Any CPU
		{6DDF6E8B-58D7-4DB1-A70F-237CF4C299AF}.Debug|iPhoneSimulator.ActiveCfg = Debug|Any CPU
		{6DDF6E8B-58D7-4DB1-A70F-237CF4C299AF}.Debug|iPhoneSimulator.Build.0 = Debug|Any CPU
		{6DDF6E8B-58D7-4DB1-A70F-237CF4C299AF}.Debug|iPhoneSimulator.Deploy.0 = Debug|Any CPU
		{6DDF6E8B-58D7-4DB1-A70F-237CF4C299AF}.Debug|x64.ActiveCfg = Debug|Any CPU
		{6DDF6E8B-58D7-4DB1-A70F-237CF4C299AF}.Debug|x64.Build.0 = Debug|Any CPU
		{6DDF6E8B-58D7-4DB1-A70F-237CF4C299AF}.Debug|x64.Deploy.0 = Debug|Any CPU
		{6DDF6E8B-58D7-4DB1-A70F-237CF4C299AF}.Debug|x86.ActiveCfg = Debug|Any CPU
		{6DDF6E8B-58D7-4DB1-A70F-237CF4C299AF}.Debug|x86.Build.0 = Debug|Any CPU
		{6DDF6E8B-58D7-4DB1-A70F-237CF4C299AF}.Debug|x86.Deploy.0 = Debug|Any CPU
		{6DDF6E8B-58D7-4DB1-A70F-237CF4C299AF}.Release|Any CPU.ActiveCfg = Release|Any CPU
		{6DDF6E8B-58D7-4DB1-A70F-237CF4C299AF}.Release|Any CPU.Build.0 = Release|Any CPU
		{6DDF6E8B-58D7-4DB1-A70F-237CF4C299AF}.Release|Any CPU.Deploy.0 = Release|Any CPU
		{6DDF6E8B-58D7-4DB1-A70F-237CF4C299AF}.Release|ARM.ActiveCfg = Release|Any CPU
		{6DDF6E8B-58D7-4DB1-A70F-237CF4C299AF}.Release|ARM.Build.0 = Release|Any CPU
		{6DDF6E8B-58D7-4DB1-A70F-237CF4C299AF}.Release|ARM.Deploy.0 = Release|Any CPU
		{6DDF6E8B-58D7-4DB1-A70F-237CF4C299AF}.Release|iPhone.ActiveCfg = Release|Any CPU
		{6DDF6E8B-58D7-4DB1-A70F-237CF4C299AF}.Release|iPhone.Build.0 = Release|Any CPU
		{6DDF6E8B-58D7-4DB1-A70F-237CF4C299AF}.Release|iPhone.Deploy.0 = Release|Any CPU
		{6DDF6E8B-58D7-4DB1-A70F-237CF4C299AF}.Release|iPhoneSimulator.ActiveCfg = Release|Any CPU
		{6DDF6E8B-58D7-4DB1-A70F-237CF4C299AF}.Release|iPhoneSimulator.Build.0 = Release|Any CPU
		{6DDF6E8B-58D7-4DB1-A70F-237CF4C299AF}.Release|iPhoneSimulator.Deploy.0 = Release|Any CPU
		{6DDF6E8B-58D7-4DB1-A70F-237CF4C299AF}.Release|x64.ActiveCfg = Release|Any CPU
		{6DDF6E8B-58D7-4DB1-A70F-237CF4C299AF}.Release|x64.Build.0 = Release|Any CPU
		{6DDF6E8B-58D7-4DB1-A70F-237CF4C299AF}.Release|x64.Deploy.0 = Release|Any CPU
		{6DDF6E8B-58D7-4DB1-A70F-237CF4C299AF}.Release|x86.ActiveCfg = Release|Any CPU
		{6DDF6E8B-58D7-4DB1-A70F-237CF4C299AF}.Release|x86.Build.0 = Release|Any CPU
		{6DDF6E8B-58D7-4DB1-A70F-237CF4C299AF}.Release|x86.Deploy.0 = Release|Any CPU
		{88BA1E0E-DD73-4F52-ACD7-774453A2FEF6}.Ad-Hoc|Any CPU.ActiveCfg = Release|Any CPU
		{88BA1E0E-DD73-4F52-ACD7-774453A2FEF6}.Ad-Hoc|Any CPU.Build.0 = Release|Any CPU
		{88BA1E0E-DD73-4F52-ACD7-774453A2FEF6}.Ad-Hoc|ARM.ActiveCfg = Release|Any CPU
		{88BA1E0E-DD73-4F52-ACD7-774453A2FEF6}.Ad-Hoc|ARM.Build.0 = Release|Any CPU
		{88BA1E0E-DD73-4F52-ACD7-774453A2FEF6}.Ad-Hoc|iPhone.ActiveCfg = Release|Any CPU
		{88BA1E0E-DD73-4F52-ACD7-774453A2FEF6}.Ad-Hoc|iPhone.Build.0 = Release|Any CPU
		{88BA1E0E-DD73-4F52-ACD7-774453A2FEF6}.Ad-Hoc|iPhoneSimulator.ActiveCfg = Release|Any CPU
		{88BA1E0E-DD73-4F52-ACD7-774453A2FEF6}.Ad-Hoc|iPhoneSimulator.Build.0 = Release|Any CPU
		{88BA1E0E-DD73-4F52-ACD7-774453A2FEF6}.Ad-Hoc|x64.ActiveCfg = Release|Any CPU
		{88BA1E0E-DD73-4F52-ACD7-774453A2FEF6}.Ad-Hoc|x64.Build.0 = Release|Any CPU
		{88BA1E0E-DD73-4F52-ACD7-774453A2FEF6}.Ad-Hoc|x86.ActiveCfg = Release|Any CPU
		{88BA1E0E-DD73-4F52-ACD7-774453A2FEF6}.Ad-Hoc|x86.Build.0 = Release|Any CPU
		{88BA1E0E-DD73-4F52-ACD7-774453A2FEF6}.AppStore|Any CPU.ActiveCfg = Release|Any CPU
		{88BA1E0E-DD73-4F52-ACD7-774453A2FEF6}.AppStore|Any CPU.Build.0 = Release|Any CPU
		{88BA1E0E-DD73-4F52-ACD7-774453A2FEF6}.AppStore|ARM.ActiveCfg = Release|Any CPU
		{88BA1E0E-DD73-4F52-ACD7-774453A2FEF6}.AppStore|ARM.Build.0 = Release|Any CPU
		{88BA1E0E-DD73-4F52-ACD7-774453A2FEF6}.AppStore|iPhone.ActiveCfg = Release|Any CPU
		{88BA1E0E-DD73-4F52-ACD7-774453A2FEF6}.AppStore|iPhone.Build.0 = Release|Any CPU
		{88BA1E0E-DD73-4F52-ACD7-774453A2FEF6}.AppStore|iPhoneSimulator.ActiveCfg = Release|Any CPU
		{88BA1E0E-DD73-4F52-ACD7-774453A2FEF6}.AppStore|iPhoneSimulator.Build.0 = Release|Any CPU
		{88BA1E0E-DD73-4F52-ACD7-774453A2FEF6}.AppStore|x64.ActiveCfg = Release|Any CPU
		{88BA1E0E-DD73-4F52-ACD7-774453A2FEF6}.AppStore|x64.Build.0 = Release|Any CPU
		{88BA1E0E-DD73-4F52-ACD7-774453A2FEF6}.AppStore|x86.ActiveCfg = Release|Any CPU
		{88BA1E0E-DD73-4F52-ACD7-774453A2FEF6}.AppStore|x86.Build.0 = Release|Any CPU
		{88BA1E0E-DD73-4F52-ACD7-774453A2FEF6}.Debug|Any CPU.ActiveCfg = Debug|Any CPU
		{88BA1E0E-DD73-4F52-ACD7-774453A2FEF6}.Debug|Any CPU.Build.0 = Debug|Any CPU
		{88BA1E0E-DD73-4F52-ACD7-774453A2FEF6}.Debug|ARM.ActiveCfg = Debug|Any CPU
		{88BA1E0E-DD73-4F52-ACD7-774453A2FEF6}.Debug|ARM.Build.0 = Debug|Any CPU
		{88BA1E0E-DD73-4F52-ACD7-774453A2FEF6}.Debug|iPhone.ActiveCfg = Debug|Any CPU
		{88BA1E0E-DD73-4F52-ACD7-774453A2FEF6}.Debug|iPhone.Build.0 = Debug|Any CPU
		{88BA1E0E-DD73-4F52-ACD7-774453A2FEF6}.Debug|iPhoneSimulator.ActiveCfg = Debug|Any CPU
		{88BA1E0E-DD73-4F52-ACD7-774453A2FEF6}.Debug|iPhoneSimulator.Build.0 = Debug|Any CPU
		{88BA1E0E-DD73-4F52-ACD7-774453A2FEF6}.Debug|x64.ActiveCfg = Debug|Any CPU
		{88BA1E0E-DD73-4F52-ACD7-774453A2FEF6}.Debug|x64.Build.0 = Debug|Any CPU
		{88BA1E0E-DD73-4F52-ACD7-774453A2FEF6}.Debug|x86.ActiveCfg = Debug|Any CPU
		{88BA1E0E-DD73-4F52-ACD7-774453A2FEF6}.Debug|x86.Build.0 = Debug|Any CPU
		{88BA1E0E-DD73-4F52-ACD7-774453A2FEF6}.Release|Any CPU.ActiveCfg = Release|Any CPU
		{88BA1E0E-DD73-4F52-ACD7-774453A2FEF6}.Release|Any CPU.Build.0 = Release|Any CPU
		{88BA1E0E-DD73-4F52-ACD7-774453A2FEF6}.Release|ARM.ActiveCfg = Release|Any CPU
		{88BA1E0E-DD73-4F52-ACD7-774453A2FEF6}.Release|ARM.Build.0 = Release|Any CPU
		{88BA1E0E-DD73-4F52-ACD7-774453A2FEF6}.Release|iPhone.ActiveCfg = Release|Any CPU
		{88BA1E0E-DD73-4F52-ACD7-774453A2FEF6}.Release|iPhone.Build.0 = Release|Any CPU
		{88BA1E0E-DD73-4F52-ACD7-774453A2FEF6}.Release|iPhoneSimulator.ActiveCfg = Release|Any CPU
		{88BA1E0E-DD73-4F52-ACD7-774453A2FEF6}.Release|iPhoneSimulator.Build.0 = Release|Any CPU
		{88BA1E0E-DD73-4F52-ACD7-774453A2FEF6}.Release|x64.ActiveCfg = Release|Any CPU
		{88BA1E0E-DD73-4F52-ACD7-774453A2FEF6}.Release|x64.Build.0 = Release|Any CPU
		{88BA1E0E-DD73-4F52-ACD7-774453A2FEF6}.Release|x86.ActiveCfg = Release|Any CPU
		{88BA1E0E-DD73-4F52-ACD7-774453A2FEF6}.Release|x86.Build.0 = Release|Any CPU
		{12CB47EA-506C-4811-BB21-6D506F3F61AD}.Ad-Hoc|Any CPU.ActiveCfg = Release|Any CPU
		{12CB47EA-506C-4811-BB21-6D506F3F61AD}.Ad-Hoc|Any CPU.Build.0 = Release|Any CPU
		{12CB47EA-506C-4811-BB21-6D506F3F61AD}.Ad-Hoc|ARM.ActiveCfg = Release|Any CPU
		{12CB47EA-506C-4811-BB21-6D506F3F61AD}.Ad-Hoc|ARM.Build.0 = Release|Any CPU
		{12CB47EA-506C-4811-BB21-6D506F3F61AD}.Ad-Hoc|iPhone.ActiveCfg = Release|Any CPU
		{12CB47EA-506C-4811-BB21-6D506F3F61AD}.Ad-Hoc|iPhone.Build.0 = Release|Any CPU
		{12CB47EA-506C-4811-BB21-6D506F3F61AD}.Ad-Hoc|iPhoneSimulator.ActiveCfg = Release|Any CPU
		{12CB47EA-506C-4811-BB21-6D506F3F61AD}.Ad-Hoc|iPhoneSimulator.Build.0 = Release|Any CPU
		{12CB47EA-506C-4811-BB21-6D506F3F61AD}.Ad-Hoc|x64.ActiveCfg = Release|Any CPU
		{12CB47EA-506C-4811-BB21-6D506F3F61AD}.Ad-Hoc|x64.Build.0 = Release|Any CPU
		{12CB47EA-506C-4811-BB21-6D506F3F61AD}.Ad-Hoc|x86.ActiveCfg = Release|Any CPU
		{12CB47EA-506C-4811-BB21-6D506F3F61AD}.Ad-Hoc|x86.Build.0 = Release|Any CPU
		{12CB47EA-506C-4811-BB21-6D506F3F61AD}.AppStore|Any CPU.ActiveCfg = Release|Any CPU
		{12CB47EA-506C-4811-BB21-6D506F3F61AD}.AppStore|Any CPU.Build.0 = Release|Any CPU
		{12CB47EA-506C-4811-BB21-6D506F3F61AD}.AppStore|ARM.ActiveCfg = Release|Any CPU
		{12CB47EA-506C-4811-BB21-6D506F3F61AD}.AppStore|ARM.Build.0 = Release|Any CPU
		{12CB47EA-506C-4811-BB21-6D506F3F61AD}.AppStore|iPhone.ActiveCfg = Release|Any CPU
		{12CB47EA-506C-4811-BB21-6D506F3F61AD}.AppStore|iPhone.Build.0 = Release|Any CPU
		{12CB47EA-506C-4811-BB21-6D506F3F61AD}.AppStore|iPhoneSimulator.ActiveCfg = Release|Any CPU
		{12CB47EA-506C-4811-BB21-6D506F3F61AD}.AppStore|iPhoneSimulator.Build.0 = Release|Any CPU
		{12CB47EA-506C-4811-BB21-6D506F3F61AD}.AppStore|x64.ActiveCfg = Release|Any CPU
		{12CB47EA-506C-4811-BB21-6D506F3F61AD}.AppStore|x64.Build.0 = Release|Any CPU
		{12CB47EA-506C-4811-BB21-6D506F3F61AD}.AppStore|x86.ActiveCfg = Release|Any CPU
		{12CB47EA-506C-4811-BB21-6D506F3F61AD}.AppStore|x86.Build.0 = Release|Any CPU
		{12CB47EA-506C-4811-BB21-6D506F3F61AD}.Debug|Any CPU.ActiveCfg = Debug|Any CPU
		{12CB47EA-506C-4811-BB21-6D506F3F61AD}.Debug|Any CPU.Build.0 = Debug|Any CPU
		{12CB47EA-506C-4811-BB21-6D506F3F61AD}.Debug|ARM.ActiveCfg = Debug|Any CPU
		{12CB47EA-506C-4811-BB21-6D506F3F61AD}.Debug|ARM.Build.0 = Debug|Any CPU
		{12CB47EA-506C-4811-BB21-6D506F3F61AD}.Debug|iPhone.ActiveCfg = Debug|Any CPU
		{12CB47EA-506C-4811-BB21-6D506F3F61AD}.Debug|iPhone.Build.0 = Debug|Any CPU
		{12CB47EA-506C-4811-BB21-6D506F3F61AD}.Debug|iPhoneSimulator.ActiveCfg = Debug|Any CPU
		{12CB47EA-506C-4811-BB21-6D506F3F61AD}.Debug|iPhoneSimulator.Build.0 = Debug|Any CPU
		{12CB47EA-506C-4811-BB21-6D506F3F61AD}.Debug|x64.ActiveCfg = Debug|Any CPU
		{12CB47EA-506C-4811-BB21-6D506F3F61AD}.Debug|x64.Build.0 = Debug|Any CPU
		{12CB47EA-506C-4811-BB21-6D506F3F61AD}.Debug|x86.ActiveCfg = Debug|Any CPU
		{12CB47EA-506C-4811-BB21-6D506F3F61AD}.Debug|x86.Build.0 = Debug|Any CPU
		{12CB47EA-506C-4811-BB21-6D506F3F61AD}.Release|Any CPU.ActiveCfg = Release|Any CPU
		{12CB47EA-506C-4811-BB21-6D506F3F61AD}.Release|Any CPU.Build.0 = Release|Any CPU
		{12CB47EA-506C-4811-BB21-6D506F3F61AD}.Release|ARM.ActiveCfg = Release|Any CPU
		{12CB47EA-506C-4811-BB21-6D506F3F61AD}.Release|ARM.Build.0 = Release|Any CPU
		{12CB47EA-506C-4811-BB21-6D506F3F61AD}.Release|iPhone.ActiveCfg = Release|Any CPU
		{12CB47EA-506C-4811-BB21-6D506F3F61AD}.Release|iPhone.Build.0 = Release|Any CPU
		{12CB47EA-506C-4811-BB21-6D506F3F61AD}.Release|iPhoneSimulator.ActiveCfg = Release|Any CPU
		{12CB47EA-506C-4811-BB21-6D506F3F61AD}.Release|iPhoneSimulator.Build.0 = Release|Any CPU
		{12CB47EA-506C-4811-BB21-6D506F3F61AD}.Release|x64.ActiveCfg = Release|Any CPU
		{12CB47EA-506C-4811-BB21-6D506F3F61AD}.Release|x64.Build.0 = Release|Any CPU
		{12CB47EA-506C-4811-BB21-6D506F3F61AD}.Release|x86.ActiveCfg = Release|Any CPU
		{12CB47EA-506C-4811-BB21-6D506F3F61AD}.Release|x86.Build.0 = Release|Any CPU
		{67F9D3A8-F71E-4428-913F-C37AE82CDB24}.Ad-Hoc|Any CPU.ActiveCfg = Release|Any CPU
		{67F9D3A8-F71E-4428-913F-C37AE82CDB24}.Ad-Hoc|Any CPU.Build.0 = Release|Any CPU
		{67F9D3A8-F71E-4428-913F-C37AE82CDB24}.Ad-Hoc|ARM.ActiveCfg = Release|Any CPU
		{67F9D3A8-F71E-4428-913F-C37AE82CDB24}.Ad-Hoc|ARM.Build.0 = Release|Any CPU
		{67F9D3A8-F71E-4428-913F-C37AE82CDB24}.Ad-Hoc|iPhone.ActiveCfg = Release|Any CPU
		{67F9D3A8-F71E-4428-913F-C37AE82CDB24}.Ad-Hoc|iPhone.Build.0 = Release|Any CPU
		{67F9D3A8-F71E-4428-913F-C37AE82CDB24}.Ad-Hoc|iPhoneSimulator.ActiveCfg = Release|Any CPU
		{67F9D3A8-F71E-4428-913F-C37AE82CDB24}.Ad-Hoc|iPhoneSimulator.Build.0 = Release|Any CPU
		{67F9D3A8-F71E-4428-913F-C37AE82CDB24}.Ad-Hoc|x64.ActiveCfg = Release|Any CPU
		{67F9D3A8-F71E-4428-913F-C37AE82CDB24}.Ad-Hoc|x64.Build.0 = Release|Any CPU
		{67F9D3A8-F71E-4428-913F-C37AE82CDB24}.Ad-Hoc|x86.ActiveCfg = Release|Any CPU
		{67F9D3A8-F71E-4428-913F-C37AE82CDB24}.Ad-Hoc|x86.Build.0 = Release|Any CPU
		{67F9D3A8-F71E-4428-913F-C37AE82CDB24}.AppStore|Any CPU.ActiveCfg = Release|Any CPU
		{67F9D3A8-F71E-4428-913F-C37AE82CDB24}.AppStore|Any CPU.Build.0 = Release|Any CPU
		{67F9D3A8-F71E-4428-913F-C37AE82CDB24}.AppStore|ARM.ActiveCfg = Release|Any CPU
		{67F9D3A8-F71E-4428-913F-C37AE82CDB24}.AppStore|ARM.Build.0 = Release|Any CPU
		{67F9D3A8-F71E-4428-913F-C37AE82CDB24}.AppStore|iPhone.ActiveCfg = Release|Any CPU
		{67F9D3A8-F71E-4428-913F-C37AE82CDB24}.AppStore|iPhone.Build.0 = Release|Any CPU
		{67F9D3A8-F71E-4428-913F-C37AE82CDB24}.AppStore|iPhoneSimulator.ActiveCfg = Release|Any CPU
		{67F9D3A8-F71E-4428-913F-C37AE82CDB24}.AppStore|iPhoneSimulator.Build.0 = Release|Any CPU
		{67F9D3A8-F71E-4428-913F-C37AE82CDB24}.AppStore|x64.ActiveCfg = Release|Any CPU
		{67F9D3A8-F71E-4428-913F-C37AE82CDB24}.AppStore|x64.Build.0 = Release|Any CPU
		{67F9D3A8-F71E-4428-913F-C37AE82CDB24}.AppStore|x86.ActiveCfg = Release|Any CPU
		{67F9D3A8-F71E-4428-913F-C37AE82CDB24}.AppStore|x86.Build.0 = Release|Any CPU
		{67F9D3A8-F71E-4428-913F-C37AE82CDB24}.Debug|Any CPU.ActiveCfg = Debug|Any CPU
		{67F9D3A8-F71E-4428-913F-C37AE82CDB24}.Debug|Any CPU.Build.0 = Debug|Any CPU
		{67F9D3A8-F71E-4428-913F-C37AE82CDB24}.Debug|ARM.ActiveCfg = Debug|Any CPU
		{67F9D3A8-F71E-4428-913F-C37AE82CDB24}.Debug|ARM.Build.0 = Debug|Any CPU
		{67F9D3A8-F71E-4428-913F-C37AE82CDB24}.Debug|iPhone.ActiveCfg = Debug|Any CPU
		{67F9D3A8-F71E-4428-913F-C37AE82CDB24}.Debug|iPhone.Build.0 = Debug|Any CPU
		{67F9D3A8-F71E-4428-913F-C37AE82CDB24}.Debug|iPhoneSimulator.ActiveCfg = Debug|Any CPU
		{67F9D3A8-F71E-4428-913F-C37AE82CDB24}.Debug|iPhoneSimulator.Build.0 = Debug|Any CPU
		{67F9D3A8-F71E-4428-913F-C37AE82CDB24}.Debug|x64.ActiveCfg = Debug|Any CPU
		{67F9D3A8-F71E-4428-913F-C37AE82CDB24}.Debug|x64.Build.0 = Debug|Any CPU
		{67F9D3A8-F71E-4428-913F-C37AE82CDB24}.Debug|x86.ActiveCfg = Debug|Any CPU
		{67F9D3A8-F71E-4428-913F-C37AE82CDB24}.Debug|x86.Build.0 = Debug|Any CPU
		{67F9D3A8-F71E-4428-913F-C37AE82CDB24}.Release|Any CPU.ActiveCfg = Release|Any CPU
		{67F9D3A8-F71E-4428-913F-C37AE82CDB24}.Release|Any CPU.Build.0 = Release|Any CPU
		{67F9D3A8-F71E-4428-913F-C37AE82CDB24}.Release|ARM.ActiveCfg = Release|Any CPU
		{67F9D3A8-F71E-4428-913F-C37AE82CDB24}.Release|ARM.Build.0 = Release|Any CPU
		{67F9D3A8-F71E-4428-913F-C37AE82CDB24}.Release|iPhone.ActiveCfg = Release|Any CPU
		{67F9D3A8-F71E-4428-913F-C37AE82CDB24}.Release|iPhone.Build.0 = Release|Any CPU
		{67F9D3A8-F71E-4428-913F-C37AE82CDB24}.Release|iPhoneSimulator.ActiveCfg = Release|Any CPU
		{67F9D3A8-F71E-4428-913F-C37AE82CDB24}.Release|iPhoneSimulator.Build.0 = Release|Any CPU
		{67F9D3A8-F71E-4428-913F-C37AE82CDB24}.Release|x64.ActiveCfg = Release|Any CPU
		{67F9D3A8-F71E-4428-913F-C37AE82CDB24}.Release|x64.Build.0 = Release|Any CPU
		{67F9D3A8-F71E-4428-913F-C37AE82CDB24}.Release|x86.ActiveCfg = Release|Any CPU
		{67F9D3A8-F71E-4428-913F-C37AE82CDB24}.Release|x86.Build.0 = Release|Any CPU
	EndGlobalSection
	GlobalSection(SolutionProperties) = preSolution
		HideSolutionNode = FALSE
	EndGlobalSection
	GlobalSection(NestedProjects) = preSolution
		{68F8BE9D-BA16-48C4-A58E-1D0EF3FAB298} = {A9734008-DFE4-4126-B975-20DA5FC5F5D2}
		{359355DA-B252-424B-83C1-07BB7CE6A72E} = {A9734008-DFE4-4126-B975-20DA5FC5F5D2}
		{3BB07304-623C-4D9C-AA3C-35595FB618A6} = {A9734008-DFE4-4126-B975-20DA5FC5F5D2}
		{6DDF6E8B-58D7-4DB1-A70F-237CF4C299AF} = {A9734008-DFE4-4126-B975-20DA5FC5F5D2}
		{88BA1E0E-DD73-4F52-ACD7-774453A2FEF6} = {BC2341EC-563C-4BCA-83A1-5130BA370499}
		{12CB47EA-506C-4811-BB21-6D506F3F61AD} = {E062A556-47BD-4916-BF01-E04C91D58586}
		{67F9D3A8-F71E-4428-913F-C37AE82CDB24} = {F623EC30-E04D-44CD-8AA1-A1EBF2160532}
	EndGlobalSection
EndGlobal
